// !$*UTF8*$!
{
	archiveVersion = 1;
	classes = {
	};
	objectVersion = 47;
	objects = {

/* Begin PBXBuildFile section */
		92E750147A3FD306D67A0B81 /* libPods-iBeaGuide.a in Frameworks */ = {isa = PBXBuildFile; fileRef = FC4E395D907E39011BDB568E /* libPods-iBeaGuide.a */; };
		A639943A1BDE4615003E1BCA /* main.m in Sources */ = {isa = PBXBuildFile; fileRef = A63994391BDE4615003E1BCA /* main.m */; };
		A639943D1BDE4615003E1BCA /* AppDelegate.m in Sources */ = {isa = PBXBuildFile; fileRef = A639943C1BDE4615003E1BCA /* AppDelegate.m */; };
		A63994431BDE4615003E1BCA /* Main.storyboard in Resources */ = {isa = PBXBuildFile; fileRef = A63994411BDE4615003E1BCA /* Main.storyboard */; };
		A63994461BDE4615003E1BCA /* iBeaGuide.xcdatamodeld in Sources */ = {isa = PBXBuildFile; fileRef = A63994441BDE4615003E1BCA /* iBeaGuide.xcdatamodeld */; };
		A63994481BDE4615003E1BCA /* Assets.xcassets in Resources */ = {isa = PBXBuildFile; fileRef = A63994471BDE4615003E1BCA /* Assets.xcassets */; };
		A63994561BDE4615003E1BCA /* iBeaGuideTests.m in Sources */ = {isa = PBXBuildFile; fileRef = A63994551BDE4615003E1BCA /* iBeaGuideTests.m */; };
		A63994611BDE4615003E1BCA /* iBeaGuideUITests.m in Sources */ = {isa = PBXBuildFile; fileRef = A63994601BDE4615003E1BCA /* iBeaGuideUITests.m */; };
		A6A7348A1BE8DBA000772655 /* iBGItemDetailViewController.m in Sources */ = {isa = PBXBuildFile; fileRef = A6A734891BE8DBA000772655 /* iBGItemDetailViewController.m */; };
		A6A7348D1BE8E64800772655 /* iBGItemCommentViewController.m in Sources */ = {isa = PBXBuildFile; fileRef = A6A7348C1BE8E64800772655 /* iBGItemCommentViewController.m */; };
		A6CE217C1BDF6AE600249226 /* iBGMoniterViewController.m in Sources */ = {isa = PBXBuildFile; fileRef = A6CE217B1BDF6AE600249226 /* iBGMoniterViewController.m */; };
		A6CE21981BDFB2BE00249226 /* back@2x.png in Resources */ = {isa = PBXBuildFile; fileRef = A6CE217E1BDFB2BE00249226 /* back@2x.png */; };
		A6CE21991BDFB2BE00249226 /* close@2x.png in Resources */ = {isa = PBXBuildFile; fileRef = A6CE217F1BDFB2BE00249226 /* close@2x.png */; };
		A6CE219A1BDFB2BE00249226 /* collection@2x.png in Resources */ = {isa = PBXBuildFile; fileRef = A6CE21801BDFB2BE00249226 /* collection@2x.png */; };
		A6CE219B1BDFB2BE00249226 /* detect_1@2x.png in Resources */ = {isa = PBXBuildFile; fileRef = A6CE21811BDFB2BE00249226 /* detect_1@2x.png */; };
		A6CE219C1BDFB2BE00249226 /* detect_2@2x.png in Resources */ = {isa = PBXBuildFile; fileRef = A6CE21821BDFB2BE00249226 /* detect_2@2x.png */; };
		A6CE219D1BDFB2BE00249226 /* detect_3@2x.png in Resources */ = {isa = PBXBuildFile; fileRef = A6CE21831BDFB2BE00249226 /* detect_3@2x.png */; };
		A6CE219E1BDFB2BE00249226 /* enter@2x.png in Resources */ = {isa = PBXBuildFile; fileRef = A6CE21841BDFB2BE00249226 /* enter@2x.png */; };
		A6CE219F1BDFB2BE00249226 /* fblogin@2x.png in Resources */ = {isa = PBXBuildFile; fileRef = A6CE21851BDFB2BE00249226 /* fblogin@2x.png */; };
		A6CE21A01BDFB2BE00249226 /* icon-1024px@2x.png in Resources */ = {isa = PBXBuildFile; fileRef = A6CE21861BDFB2BE00249226 /* icon-1024px@2x.png */; };
		A6CE21A11BDFB2BE00249226 /* icon-120px@2x.png in Resources */ = {isa = PBXBuildFile; fileRef = A6CE21871BDFB2BE00249226 /* icon-120px@2x.png */; };
		A6CE21A21BDFB2BE00249226 /* icon-60px@2x.png in Resources */ = {isa = PBXBuildFile; fileRef = A6CE21881BDFB2BE00249226 /* icon-60px@2x.png */; };
		A6CE21A31BDFB2BE00249226 /* launch_image@2x.png in Resources */ = {isa = PBXBuildFile; fileRef = A6CE21891BDFB2BE00249226 /* launch_image@2x.png */; };
		A6CE21A41BDFB2BE00249226 /* login@2x.png in Resources */ = {isa = PBXBuildFile; fileRef = A6CE218A1BDFB2BE00249226 /* login@2x.png */; };
		A6CE21A51BDFB2BE00249226 /* logo@2x.png in Resources */ = {isa = PBXBuildFile; fileRef = A6CE218B1BDFB2BE00249226 /* logo@2x.png */; };
		A6CE21A71BDFB2BE00249226 /* message_2@2x.png in Resources */ = {isa = PBXBuildFile; fileRef = A6CE218D1BDFB2BE00249226 /* message_2@2x.png */; };
		A6CE21A81BDFB2BE00249226 /* mycollection@2x.png in Resources */ = {isa = PBXBuildFile; fileRef = A6CE218E1BDFB2BE00249226 /* mycollection@2x.png */; };
		A6CE21A91BDFB2BE00249226 /* no@2x.png in Resources */ = {isa = PBXBuildFile; fileRef = A6CE218F1BDFB2BE00249226 /* no@2x.png */; };
		A6CE21AA1BDFB2BE00249226 /* plus@2x.png in Resources */ = {isa = PBXBuildFile; fileRef = A6CE21901BDFB2BE00249226 /* plus@2x.png */; };
		A6CE21AB1BDFB2BE00249226 /* register@2x.png in Resources */ = {isa = PBXBuildFile; fileRef = A6CE21911BDFB2BE00249226 /* register@2x.png */; };
		A6CE21AC1BDFB2BE00249226 /* setting@2x.png in Resources */ = {isa = PBXBuildFile; fileRef = A6CE21921BDFB2BE00249226 /* setting@2x.png */; };
		A6CE21AD1BDFB2BE00249226 /* share@2x.png in Resources */ = {isa = PBXBuildFile; fileRef = A6CE21931BDFB2BE00249226 /* share@2x.png */; };
		A6CE21AE1BDFB2BE00249226 /* share_2@2x.png in Resources */ = {isa = PBXBuildFile; fileRef = A6CE21941BDFB2BE00249226 /* share_2@2x.png */; };
		A6CE21AF1BDFB2BE00249226 /* star_off@2x.png in Resources */ = {isa = PBXBuildFile; fileRef = A6CE21951BDFB2BE00249226 /* star_off@2x.png */; };
		A6CE21B01BDFB2BE00249226 /* star_on@2x.png in Resources */ = {isa = PBXBuildFile; fileRef = A6CE21961BDFB2BE00249226 /* star_on@2x.png */; };
		A6CE21B11BDFB2BE00249226 /* yes@2x.png in Resources */ = {isa = PBXBuildFile; fileRef = A6CE21971BDFB2BE00249226 /* yes@2x.png */; };
		A6CE21B31BDFC1DB00249226 /* Mona_Lisa@2x.jpg in Resources */ = {isa = PBXBuildFile; fileRef = A6CE21B21BDFC1DB00249226 /* Mona_Lisa@2x.jpg */; };
		A6CE21B61BDFD97200249226 /* iBGExhInfoViewController.m in Sources */ = {isa = PBXBuildFile; fileRef = A6CE21B51BDFD97200249226 /* iBGExhInfoViewController.m */; };
		A6CE21BD1BDFE1B100249226 /* collection_1@2x.png in Resources */ = {isa = PBXBuildFile; fileRef = A6CE21B71BDFE1B100249226 /* collection_1@2x.png */; };
		A6CE21BE1BDFE1B100249226 /* collection_2@2x.png in Resources */ = {isa = PBXBuildFile; fileRef = A6CE21B81BDFE1B100249226 /* collection_2@2x.png */; };
		A6CE21BF1BDFE1B100249226 /* guide_1@2x.png in Resources */ = {isa = PBXBuildFile; fileRef = A6CE21B91BDFE1B100249226 /* guide_1@2x.png */; };
		A6CE21C01BDFE1B100249226 /* guide_2@2x.png in Resources */ = {isa = PBXBuildFile; fileRef = A6CE21BA1BDFE1B100249226 /* guide_2@2x.png */; };
		A6CE21C11BDFE1B100249226 /* setting_1@2x.png in Resources */ = {isa = PBXBuildFile; fileRef = A6CE21BB1BDFE1B100249226 /* setting_1@2x.png */; };
		A6CE21C21BDFE1B100249226 /* setting_2@2x.png in Resources */ = {isa = PBXBuildFile; fileRef = A6CE21BC1BDFE1B100249226 /* setting_2@2x.png */; };
		A6CE21CE1BE0732C00249226 /* CoreLocation.framework in Frameworks */ = {isa = PBXBuildFile; fileRef = A6CE21CD1BE0732C00249226 /* CoreLocation.framework */; };
		A6CF59A01BEDD35D0025A26C /* UIView+Glow.m in Sources */ = {isa = PBXBuildFile; fileRef = A6CF599F1BEDD35D0025A26C /* UIView+Glow.m */; };
		A6D09A8C1BECC31800E50EDC /* Sanpan@2x.jpg in Resources */ = {isa = PBXBuildFile; fileRef = A6D09A8B1BECC31800E50EDC /* Sanpan@2x.jpg */; };
		A6D09A8F1BECC95900E50EDC /* iBGNYTPhoto.m in Sources */ = {isa = PBXBuildFile; fileRef = A6D09A8E1BECC95900E50EDC /* iBGNYTPhoto.m */; };
		A6D09A921BECF27500E50EDC /* iBGItemCommentTableViewController.m in Sources */ = {isa = PBXBuildFile; fileRef = A6D09A911BECF27500E50EDC /* iBGItemCommentTableViewController.m */; };
		A6D2F6941BEA350D00639707 /* message_cut@2x.png in Resources */ = {isa = PBXBuildFile; fileRef = A6D2F6921BEA350D00639707 /* message_cut@2x.png */; };
		A6D2F6951BEA350D00639707 /* message@2x.png in Resources */ = {isa = PBXBuildFile; fileRef = A6D2F6931BEA350D00639707 /* message@2x.png */; };
		A6D2F6981BEA3DF600639707 /* iBGItemMaskViewController.m in Sources */ = {isa = PBXBuildFile; fileRef = A6D2F6971BEA3DF600639707 /* iBGItemMaskViewController.m */; };
		A6D2F69B1BEA483500639707 /* iBGItemMenuButton.m in Sources */ = {isa = PBXBuildFile; fileRef = A6D2F69A1BEA483500639707 /* iBGItemMenuButton.m */; };
		A6D2F69F1BEA494100639707 /* message_full@2x.png in Resources */ = {isa = PBXBuildFile; fileRef = A6D2F69C1BEA494100639707 /* message_full@2x.png */; };
		A6D2F6A01BEA494100639707 /* plus_full@2x.png in Resources */ = {isa = PBXBuildFile; fileRef = A6D2F69D1BEA494100639707 /* plus_full@2x.png */; };
		A6D2F6A11BEA494100639707 /* share_full@2x.png in Resources */ = {isa = PBXBuildFile; fileRef = A6D2F69E1BEA494100639707 /* share_full@2x.png */; };
		A6D58BC41BE7863C00C4AFF4 /* iBGItemInfoViewController.m in Sources */ = {isa = PBXBuildFile; fileRef = A6D58BC31BE7863C00C4AFF4 /* iBGItemInfoViewController.m */; };
		A6D58BC71BE78EA800C4AFF4 /* iBGItemPageParentViewController.m in Sources */ = {isa = PBXBuildFile; fileRef = A6D58BC61BE78EA800C4AFF4 /* iBGItemPageParentViewController.m */; };
/* End PBXBuildFile section */

/* Begin PBXContainerItemProxy section */
		A63994521BDE4615003E1BCA /* PBXContainerItemProxy */ = {
			isa = PBXContainerItemProxy;
			containerPortal = A639942D1BDE4614003E1BCA /* Project object */;
			proxyType = 1;
			remoteGlobalIDString = A63994341BDE4614003E1BCA;
			remoteInfo = iBeaGuide;
		};
		A639945D1BDE4615003E1BCA /* PBXContainerItemProxy */ = {
			isa = PBXContainerItemProxy;
			containerPortal = A639942D1BDE4614003E1BCA /* Project object */;
			proxyType = 1;
			remoteGlobalIDString = A63994341BDE4614003E1BCA;
			remoteInfo = iBeaGuide;
		};
/* End PBXContainerItemProxy section */

/* Begin PBXFileReference section */
		0C29256AD0DEF46F06333C79 /* Pods-iBeaGuide.release.xcconfig */ = {isa = PBXFileReference; includeInIndex = 1; lastKnownFileType = text.xcconfig; name = "Pods-iBeaGuide.release.xcconfig"; path = "Pods/Target Support Files/Pods-iBeaGuide/Pods-iBeaGuide.release.xcconfig"; sourceTree = "<group>"; };
		7076082BED9CFAA4CE694B56 /* Pods-iBeaGuide.debug.xcconfig */ = {isa = PBXFileReference; includeInIndex = 1; lastKnownFileType = text.xcconfig; name = "Pods-iBeaGuide.debug.xcconfig"; path = "Pods/Target Support Files/Pods-iBeaGuide/Pods-iBeaGuide.debug.xcconfig"; sourceTree = "<group>"; };
		A63994351BDE4614003E1BCA /* iBeaGuide.app */ = {isa = PBXFileReference; explicitFileType = wrapper.application; includeInIndex = 0; path = iBeaGuide.app; sourceTree = BUILT_PRODUCTS_DIR; };
		A63994391BDE4615003E1BCA /* main.m */ = {isa = PBXFileReference; lastKnownFileType = sourcecode.c.objc; path = main.m; sourceTree = "<group>"; };
		A639943B1BDE4615003E1BCA /* AppDelegate.h */ = {isa = PBXFileReference; lastKnownFileType = sourcecode.c.h; path = AppDelegate.h; sourceTree = "<group>"; };
		A639943C1BDE4615003E1BCA /* AppDelegate.m */ = {isa = PBXFileReference; lastKnownFileType = sourcecode.c.objc; path = AppDelegate.m; sourceTree = "<group>"; };
		A63994421BDE4615003E1BCA /* Base */ = {isa = PBXFileReference; lastKnownFileType = file.storyboard; name = Base; path = Base.lproj/Main.storyboard; sourceTree = "<group>"; };
		A63994451BDE4615003E1BCA /* iBeaGuide.xcdatamodel */ = {isa = PBXFileReference; lastKnownFileType = wrapper.xcdatamodel; path = iBeaGuide.xcdatamodel; sourceTree = "<group>"; };
		A63994471BDE4615003E1BCA /* Assets.xcassets */ = {isa = PBXFileReference; lastKnownFileType = folder.assetcatalog; path = Assets.xcassets; sourceTree = "<group>"; };
		A639944C1BDE4615003E1BCA /* Info.plist */ = {isa = PBXFileReference; lastKnownFileType = text.plist.xml; path = Info.plist; sourceTree = "<group>"; };
		A63994511BDE4615003E1BCA /* iBeaGuideTests.xctest */ = {isa = PBXFileReference; explicitFileType = wrapper.cfbundle; includeInIndex = 0; path = iBeaGuideTests.xctest; sourceTree = BUILT_PRODUCTS_DIR; };
		A63994551BDE4615003E1BCA /* iBeaGuideTests.m */ = {isa = PBXFileReference; lastKnownFileType = sourcecode.c.objc; path = iBeaGuideTests.m; sourceTree = "<group>"; };
		A63994571BDE4615003E1BCA /* Info.plist */ = {isa = PBXFileReference; lastKnownFileType = text.plist.xml; path = Info.plist; sourceTree = "<group>"; };
		A639945C1BDE4615003E1BCA /* iBeaGuideUITests.xctest */ = {isa = PBXFileReference; explicitFileType = wrapper.cfbundle; includeInIndex = 0; path = iBeaGuideUITests.xctest; sourceTree = BUILT_PRODUCTS_DIR; };
		A63994601BDE4615003E1BCA /* iBeaGuideUITests.m */ = {isa = PBXFileReference; lastKnownFileType = sourcecode.c.objc; path = iBeaGuideUITests.m; sourceTree = "<group>"; };
		A63994621BDE4615003E1BCA /* Info.plist */ = {isa = PBXFileReference; lastKnownFileType = text.plist.xml; path = Info.plist; sourceTree = "<group>"; };
		A6A734881BE8DBA000772655 /* iBGItemDetailViewController.h */ = {isa = PBXFileReference; fileEncoding = 4; lastKnownFileType = sourcecode.c.h; path = iBGItemDetailViewController.h; sourceTree = "<group>"; };
		A6A734891BE8DBA000772655 /* iBGItemDetailViewController.m */ = {isa = PBXFileReference; fileEncoding = 4; lastKnownFileType = sourcecode.c.objc; path = iBGItemDetailViewController.m; sourceTree = "<group>"; };
		A6A7348B1BE8E64800772655 /* iBGItemCommentViewController.h */ = {isa = PBXFileReference; fileEncoding = 4; lastKnownFileType = sourcecode.c.h; path = iBGItemCommentViewController.h; sourceTree = "<group>"; };
		A6A7348C1BE8E64800772655 /* iBGItemCommentViewController.m */ = {isa = PBXFileReference; fileEncoding = 4; lastKnownFileType = sourcecode.c.objc; path = iBGItemCommentViewController.m; sourceTree = "<group>"; };
		A6CE217A1BDF6AE600249226 /* iBGMoniterViewController.h */ = {isa = PBXFileReference; fileEncoding = 4; lastKnownFileType = sourcecode.c.h; path = iBGMoniterViewController.h; sourceTree = "<group>"; };
		A6CE217B1BDF6AE600249226 /* iBGMoniterViewController.m */ = {isa = PBXFileReference; fileEncoding = 4; lastKnownFileType = sourcecode.c.objc; path = iBGMoniterViewController.m; sourceTree = "<group>"; };
		A6CE217E1BDFB2BE00249226 /* back@2x.png */ = {isa = PBXFileReference; lastKnownFileType = image.png; path = "back@2x.png"; sourceTree = "<group>"; };
		A6CE217F1BDFB2BE00249226 /* close@2x.png */ = {isa = PBXFileReference; lastKnownFileType = image.png; path = "close@2x.png"; sourceTree = "<group>"; };
		A6CE21801BDFB2BE00249226 /* collection@2x.png */ = {isa = PBXFileReference; lastKnownFileType = image.png; path = "collection@2x.png"; sourceTree = "<group>"; };
		A6CE21811BDFB2BE00249226 /* detect_1@2x.png */ = {isa = PBXFileReference; lastKnownFileType = image.png; path = "detect_1@2x.png"; sourceTree = "<group>"; };
		A6CE21821BDFB2BE00249226 /* detect_2@2x.png */ = {isa = PBXFileReference; lastKnownFileType = image.png; path = "detect_2@2x.png"; sourceTree = "<group>"; };
		A6CE21831BDFB2BE00249226 /* detect_3@2x.png */ = {isa = PBXFileReference; lastKnownFileType = image.png; path = "detect_3@2x.png"; sourceTree = "<group>"; };
		A6CE21841BDFB2BE00249226 /* enter@2x.png */ = {isa = PBXFileReference; lastKnownFileType = image.png; path = "enter@2x.png"; sourceTree = "<group>"; };
		A6CE21851BDFB2BE00249226 /* fblogin@2x.png */ = {isa = PBXFileReference; lastKnownFileType = image.png; path = "fblogin@2x.png"; sourceTree = "<group>"; };
		A6CE21861BDFB2BE00249226 /* icon-1024px@2x.png */ = {isa = PBXFileReference; lastKnownFileType = image.png; path = "icon-1024px@2x.png"; sourceTree = "<group>"; };
		A6CE21871BDFB2BE00249226 /* icon-120px@2x.png */ = {isa = PBXFileReference; lastKnownFileType = image.png; path = "icon-120px@2x.png"; sourceTree = "<group>"; };
		A6CE21881BDFB2BE00249226 /* icon-60px@2x.png */ = {isa = PBXFileReference; lastKnownFileType = image.png; path = "icon-60px@2x.png"; sourceTree = "<group>"; };
		A6CE21891BDFB2BE00249226 /* launch_image@2x.png */ = {isa = PBXFileReference; lastKnownFileType = image.png; path = "launch_image@2x.png"; sourceTree = "<group>"; };
		A6CE218A1BDFB2BE00249226 /* login@2x.png */ = {isa = PBXFileReference; lastKnownFileType = image.png; path = "login@2x.png"; sourceTree = "<group>"; };
		A6CE218B1BDFB2BE00249226 /* logo@2x.png */ = {isa = PBXFileReference; lastKnownFileType = image.png; path = "logo@2x.png"; sourceTree = "<group>"; };
		A6CE218D1BDFB2BE00249226 /* message_2@2x.png */ = {isa = PBXFileReference; lastKnownFileType = image.png; path = "message_2@2x.png"; sourceTree = "<group>"; };
		A6CE218E1BDFB2BE00249226 /* mycollection@2x.png */ = {isa = PBXFileReference; lastKnownFileType = image.png; path = "mycollection@2x.png"; sourceTree = "<group>"; };
		A6CE218F1BDFB2BE00249226 /* no@2x.png */ = {isa = PBXFileReference; lastKnownFileType = image.png; path = "no@2x.png"; sourceTree = "<group>"; };
		A6CE21901BDFB2BE00249226 /* plus@2x.png */ = {isa = PBXFileReference; lastKnownFileType = image.png; path = "plus@2x.png"; sourceTree = "<group>"; };
		A6CE21911BDFB2BE00249226 /* register@2x.png */ = {isa = PBXFileReference; lastKnownFileType = image.png; path = "register@2x.png"; sourceTree = "<group>"; };
		A6CE21921BDFB2BE00249226 /* setting@2x.png */ = {isa = PBXFileReference; lastKnownFileType = image.png; path = "setting@2x.png"; sourceTree = "<group>"; };
		A6CE21931BDFB2BE00249226 /* share@2x.png */ = {isa = PBXFileReference; lastKnownFileType = image.png; path = "share@2x.png"; sourceTree = "<group>"; };
		A6CE21941BDFB2BE00249226 /* share_2@2x.png */ = {isa = PBXFileReference; lastKnownFileType = image.png; path = "share_2@2x.png"; sourceTree = "<group>"; };
		A6CE21951BDFB2BE00249226 /* star_off@2x.png */ = {isa = PBXFileReference; lastKnownFileType = image.png; path = "star_off@2x.png"; sourceTree = "<group>"; };
		A6CE21961BDFB2BE00249226 /* star_on@2x.png */ = {isa = PBXFileReference; lastKnownFileType = image.png; path = "star_on@2x.png"; sourceTree = "<group>"; };
		A6CE21971BDFB2BE00249226 /* yes@2x.png */ = {isa = PBXFileReference; lastKnownFileType = image.png; path = "yes@2x.png"; sourceTree = "<group>"; };
		A6CE21B21BDFC1DB00249226 /* Mona_Lisa@2x.jpg */ = {isa = PBXFileReference; lastKnownFileType = image.jpeg; path = "Mona_Lisa@2x.jpg"; sourceTree = "<group>"; };
		A6CE21B41BDFD97200249226 /* iBGExhInfoViewController.h */ = {isa = PBXFileReference; fileEncoding = 4; lastKnownFileType = sourcecode.c.h; path = iBGExhInfoViewController.h; sourceTree = "<group>"; };
		A6CE21B51BDFD97200249226 /* iBGExhInfoViewController.m */ = {isa = PBXFileReference; fileEncoding = 4; lastKnownFileType = sourcecode.c.objc; path = iBGExhInfoViewController.m; sourceTree = "<group>"; };
		A6CE21B71BDFE1B100249226 /* collection_1@2x.png */ = {isa = PBXFileReference; lastKnownFileType = image.png; path = "collection_1@2x.png"; sourceTree = "<group>"; };
		A6CE21B81BDFE1B100249226 /* collection_2@2x.png */ = {isa = PBXFileReference; lastKnownFileType = image.png; path = "collection_2@2x.png"; sourceTree = "<group>"; };
		A6CE21B91BDFE1B100249226 /* guide_1@2x.png */ = {isa = PBXFileReference; lastKnownFileType = image.png; path = "guide_1@2x.png"; sourceTree = "<group>"; };
		A6CE21BA1BDFE1B100249226 /* guide_2@2x.png */ = {isa = PBXFileReference; lastKnownFileType = image.png; path = "guide_2@2x.png"; sourceTree = "<group>"; };
		A6CE21BB1BDFE1B100249226 /* setting_1@2x.png */ = {isa = PBXFileReference; lastKnownFileType = image.png; path = "setting_1@2x.png"; sourceTree = "<group>"; };
		A6CE21BC1BDFE1B100249226 /* setting_2@2x.png */ = {isa = PBXFileReference; lastKnownFileType = image.png; path = "setting_2@2x.png"; sourceTree = "<group>"; };
		A6CE21CD1BE0732C00249226 /* CoreLocation.framework */ = {isa = PBXFileReference; lastKnownFileType = wrapper.framework; name = CoreLocation.framework; path = System/Library/Frameworks/CoreLocation.framework; sourceTree = SDKROOT; };
		A6CF599E1BEDD35D0025A26C /* UIView+Glow.h */ = {isa = PBXFileReference; fileEncoding = 4; lastKnownFileType = sourcecode.c.h; path = "UIView+Glow.h"; sourceTree = "<group>"; };
		A6CF599F1BEDD35D0025A26C /* UIView+Glow.m */ = {isa = PBXFileReference; fileEncoding = 4; lastKnownFileType = sourcecode.c.objc; path = "UIView+Glow.m"; sourceTree = "<group>"; };
		A6D09A8B1BECC31800E50EDC /* Sanpan@2x.jpg */ = {isa = PBXFileReference; lastKnownFileType = image.jpeg; path = "Sanpan@2x.jpg"; sourceTree = "<group>"; };
		A6D09A8D1BECC95900E50EDC /* iBGNYTPhoto.h */ = {isa = PBXFileReference; fileEncoding = 4; lastKnownFileType = sourcecode.c.h; path = iBGNYTPhoto.h; sourceTree = "<group>"; };
		A6D09A8E1BECC95900E50EDC /* iBGNYTPhoto.m */ = {isa = PBXFileReference; fileEncoding = 4; lastKnownFileType = sourcecode.c.objc; path = iBGNYTPhoto.m; sourceTree = "<group>"; };
		A6D09A901BECF27500E50EDC /* iBGItemCommentTableViewController.h */ = {isa = PBXFileReference; fileEncoding = 4; lastKnownFileType = sourcecode.c.h; path = iBGItemCommentTableViewController.h; sourceTree = "<group>"; };
		A6D09A911BECF27500E50EDC /* iBGItemCommentTableViewController.m */ = {isa = PBXFileReference; fileEncoding = 4; lastKnownFileType = sourcecode.c.objc; path = iBGItemCommentTableViewController.m; sourceTree = "<group>"; };
		A6D2F6921BEA350D00639707 /* message_cut@2x.png */ = {isa = PBXFileReference; lastKnownFileType = image.png; path = "message_cut@2x.png"; sourceTree = "<group>"; };
		A6D2F6931BEA350D00639707 /* message@2x.png */ = {isa = PBXFileReference; lastKnownFileType = image.png; path = "message@2x.png"; sourceTree = "<group>"; };
		A6D2F6961BEA3DF600639707 /* iBGItemMaskViewController.h */ = {isa = PBXFileReference; fileEncoding = 4; lastKnownFileType = sourcecode.c.h; path = iBGItemMaskViewController.h; sourceTree = "<group>"; };
		A6D2F6971BEA3DF600639707 /* iBGItemMaskViewController.m */ = {isa = PBXFileReference; fileEncoding = 4; lastKnownFileType = sourcecode.c.objc; path = iBGItemMaskViewController.m; sourceTree = "<group>"; };
		A6D2F6991BEA483500639707 /* iBGItemMenuButton.h */ = {isa = PBXFileReference; fileEncoding = 4; lastKnownFileType = sourcecode.c.h; path = iBGItemMenuButton.h; sourceTree = "<group>"; };
		A6D2F69A1BEA483500639707 /* iBGItemMenuButton.m */ = {isa = PBXFileReference; fileEncoding = 4; lastKnownFileType = sourcecode.c.objc; path = iBGItemMenuButton.m; sourceTree = "<group>"; };
		A6D2F69C1BEA494100639707 /* message_full@2x.png */ = {isa = PBXFileReference; lastKnownFileType = image.png; path = "message_full@2x.png"; sourceTree = "<group>"; };
		A6D2F69D1BEA494100639707 /* plus_full@2x.png */ = {isa = PBXFileReference; lastKnownFileType = image.png; path = "plus_full@2x.png"; sourceTree = "<group>"; };
		A6D2F69E1BEA494100639707 /* share_full@2x.png */ = {isa = PBXFileReference; lastKnownFileType = image.png; path = "share_full@2x.png"; sourceTree = "<group>"; };
		A6D58BC21BE7863C00C4AFF4 /* iBGItemInfoViewController.h */ = {isa = PBXFileReference; fileEncoding = 4; lastKnownFileType = sourcecode.c.h; path = iBGItemInfoViewController.h; sourceTree = "<group>"; };
		A6D58BC31BE7863C00C4AFF4 /* iBGItemInfoViewController.m */ = {isa = PBXFileReference; fileEncoding = 4; lastKnownFileType = sourcecode.c.objc; path = iBGItemInfoViewController.m; sourceTree = "<group>"; };
		A6D58BC51BE78EA800C4AFF4 /* iBGItemPageParentViewController.h */ = {isa = PBXFileReference; fileEncoding = 4; lastKnownFileType = sourcecode.c.h; path = iBGItemPageParentViewController.h; sourceTree = "<group>"; };
		A6D58BC61BE78EA800C4AFF4 /* iBGItemPageParentViewController.m */ = {isa = PBXFileReference; fileEncoding = 4; lastKnownFileType = sourcecode.c.objc; path = iBGItemPageParentViewController.m; sourceTree = "<group>"; };
		FC4E395D907E39011BDB568E /* libPods-iBeaGuide.a */ = {isa = PBXFileReference; explicitFileType = archive.ar; includeInIndex = 0; path = "libPods-iBeaGuide.a"; sourceTree = BUILT_PRODUCTS_DIR; };
/* End PBXFileReference section */

/* Begin PBXFrameworksBuildPhase section */
		A63994321BDE4614003E1BCA /* Frameworks */ = {
			isa = PBXFrameworksBuildPhase;
			buildActionMask = 2147483647;
			files = (
				A6CE21CE1BE0732C00249226 /* CoreLocation.framework in Frameworks */,
				92E750147A3FD306D67A0B81 /* libPods-iBeaGuide.a in Frameworks */,
			);
			runOnlyForDeploymentPostprocessing = 0;
		};
		A639944E1BDE4615003E1BCA /* Frameworks */ = {
			isa = PBXFrameworksBuildPhase;
			buildActionMask = 2147483647;
			files = (
			);
			runOnlyForDeploymentPostprocessing = 0;
		};
		A63994591BDE4615003E1BCA /* Frameworks */ = {
			isa = PBXFrameworksBuildPhase;
			buildActionMask = 2147483647;
			files = (
			);
			runOnlyForDeploymentPostprocessing = 0;
		};
/* End PBXFrameworksBuildPhase section */

/* Begin PBXGroup section */
		6EE03911C2D36A1D83C22B63 /* Pods */ = {
			isa = PBXGroup;
			children = (
				7076082BED9CFAA4CE694B56 /* Pods-iBeaGuide.debug.xcconfig */,
				0C29256AD0DEF46F06333C79 /* Pods-iBeaGuide.release.xcconfig */,
			);
			name = Pods;
			sourceTree = "<group>";
		};
		A639942C1BDE4614003E1BCA = {
			isa = PBXGroup;
			children = (
				A63994371BDE4614003E1BCA /* iBeaGuide */,
				A63994541BDE4615003E1BCA /* iBeaGuideTests */,
				A639945F1BDE4615003E1BCA /* iBeaGuideUITests */,
				A63994361BDE4614003E1BCA /* Products */,
				6EE03911C2D36A1D83C22B63 /* Pods */,
				E8E2E774552B0502F26E58B5 /* Frameworks */,
			);
			sourceTree = "<group>";
			usesTabs = 1;
		};
		A63994361BDE4614003E1BCA /* Products */ = {
			isa = PBXGroup;
			children = (
				A63994351BDE4614003E1BCA /* iBeaGuide.app */,
				A63994511BDE4615003E1BCA /* iBeaGuideTests.xctest */,
				A639945C1BDE4615003E1BCA /* iBeaGuideUITests.xctest */,
			);
			name = Products;
			sourceTree = "<group>";
		};
		A63994371BDE4614003E1BCA /* iBeaGuide */ = {
			isa = PBXGroup;
			children = (
				A63994381BDE4614003E1BCA /* Supporting Files */,
				A6CE217D1BDFB2BE00249226 /* images */,
				A63994411BDE4615003E1BCA /* Main.storyboard */,
				A639943B1BDE4615003E1BCA /* AppDelegate.h */,
				A639943C1BDE4615003E1BCA /* AppDelegate.m */,
				A6CE217A1BDF6AE600249226 /* iBGMoniterViewController.h */,
				A6CE217B1BDF6AE600249226 /* iBGMoniterViewController.m */,
				A6CE21B41BDFD97200249226 /* iBGExhInfoViewController.h */,
				A6CE21B51BDFD97200249226 /* iBGExhInfoViewController.m */,
				A6D58BC51BE78EA800C4AFF4 /* iBGItemPageParentViewController.h */,
				A6D58BC61BE78EA800C4AFF4 /* iBGItemPageParentViewController.m */,
				A6D2F6961BEA3DF600639707 /* iBGItemMaskViewController.h */,
				A6D2F6971BEA3DF600639707 /* iBGItemMaskViewController.m */,
				A6D2F6991BEA483500639707 /* iBGItemMenuButton.h */,
				A6D2F69A1BEA483500639707 /* iBGItemMenuButton.m */,
				A6D58BC21BE7863C00C4AFF4 /* iBGItemInfoViewController.h */,
				A6D58BC31BE7863C00C4AFF4 /* iBGItemInfoViewController.m */,
				A6A734881BE8DBA000772655 /* iBGItemDetailViewController.h */,
				A6A734891BE8DBA000772655 /* iBGItemDetailViewController.m */,
				A6D09A8D1BECC95900E50EDC /* iBGNYTPhoto.h */,
				A6D09A8E1BECC95900E50EDC /* iBGNYTPhoto.m */,
				A6D09A901BECF27500E50EDC /* iBGItemCommentTableViewController.h */,
				A6D09A911BECF27500E50EDC /* iBGItemCommentTableViewController.m */,
				A6CF599E1BEDD35D0025A26C /* UIView+Glow.h */,
				A6CF599F1BEDD35D0025A26C /* UIView+Glow.m */,
				A6A7348B1BE8E64800772655 /* iBGItemCommentViewController.h */,
				A6A7348C1BE8E64800772655 /* iBGItemCommentViewController.m */,
			);
			path = iBeaGuide;
			sourceTree = "<group>";
		};
		A63994381BDE4614003E1BCA /* Supporting Files */ = {
			isa = PBXGroup;
			children = (
				A63994471BDE4615003E1BCA /* Assets.xcassets */,
				A63994441BDE4615003E1BCA /* iBeaGuide.xcdatamodeld */,
				A639944C1BDE4615003E1BCA /* Info.plist */,
				A63994391BDE4615003E1BCA /* main.m */,
			);
			name = "Supporting Files";
			sourceTree = "<group>";
		};
		A63994541BDE4615003E1BCA /* iBeaGuideTests */ = {
			isa = PBXGroup;
			children = (
				A63994551BDE4615003E1BCA /* iBeaGuideTests.m */,
				A63994571BDE4615003E1BCA /* Info.plist */,
			);
			path = iBeaGuideTests;
			sourceTree = "<group>";
		};
		A639945F1BDE4615003E1BCA /* iBeaGuideUITests */ = {
			isa = PBXGroup;
			children = (
				A63994601BDE4615003E1BCA /* iBeaGuideUITests.m */,
				A63994621BDE4615003E1BCA /* Info.plist */,
			);
			path = iBeaGuideUITests;
			sourceTree = "<group>";
		};
		A6CE217D1BDFB2BE00249226 /* images */ = {
			isa = PBXGroup;
			children = (
				A6CE217E1BDFB2BE00249226 /* back@2x.png */,
				A6CE217F1BDFB2BE00249226 /* close@2x.png */,
				A6D2F69C1BEA494100639707 /* message_full@2x.png */,
				A6D2F69D1BEA494100639707 /* plus_full@2x.png */,
				A6D2F69E1BEA494100639707 /* share_full@2x.png */,
				A6CE21801BDFB2BE00249226 /* collection@2x.png */,
				A6CE21811BDFB2BE00249226 /* detect_1@2x.png */,
				A6CE21821BDFB2BE00249226 /* detect_2@2x.png */,
				A6CE21831BDFB2BE00249226 /* detect_3@2x.png */,
				A6CE21841BDFB2BE00249226 /* enter@2x.png */,
				A6CE21851BDFB2BE00249226 /* fblogin@2x.png */,
				A6CE21861BDFB2BE00249226 /* icon-1024px@2x.png */,
				A6CE21871BDFB2BE00249226 /* icon-120px@2x.png */,
				A6CE21881BDFB2BE00249226 /* icon-60px@2x.png */,
				A6CE21891BDFB2BE00249226 /* launch_image@2x.png */,
				A6CE218A1BDFB2BE00249226 /* login@2x.png */,
				A6CE218B1BDFB2BE00249226 /* logo@2x.png */,
				A6CE218D1BDFB2BE00249226 /* message_2@2x.png */,
				A6D2F6921BEA350D00639707 /* message_cut@2x.png */,
				A6D2F6931BEA350D00639707 /* message@2x.png */,
				A6CE218E1BDFB2BE00249226 /* mycollection@2x.png */,
				A6CE218F1BDFB2BE00249226 /* no@2x.png */,
				A6CE21901BDFB2BE00249226 /* plus@2x.png */,
				A6CE21911BDFB2BE00249226 /* register@2x.png */,
				A6CE21921BDFB2BE00249226 /* setting@2x.png */,
				A6CE21931BDFB2BE00249226 /* share@2x.png */,
				A6CE21941BDFB2BE00249226 /* share_2@2x.png */,
				A6CE21951BDFB2BE00249226 /* star_off@2x.png */,
				A6CE21961BDFB2BE00249226 /* star_on@2x.png */,
				A6CE21971BDFB2BE00249226 /* yes@2x.png */,
				A6CE21B71BDFE1B100249226 /* collection_1@2x.png */,
				A6CE21B81BDFE1B100249226 /* collection_2@2x.png */,
				A6CE21B91BDFE1B100249226 /* guide_1@2x.png */,
				A6CE21BA1BDFE1B100249226 /* guide_2@2x.png */,
				A6CE21BB1BDFE1B100249226 /* setting_1@2x.png */,
				A6CE21BC1BDFE1B100249226 /* setting_2@2x.png */,
				A6CE21B21BDFC1DB00249226 /* Mona_Lisa@2x.jpg */,
				A6D09A8B1BECC31800E50EDC /* Sanpan@2x.jpg */,
			);
			path = images;
			sourceTree = "<group>";
		};
		E8E2E774552B0502F26E58B5 /* Frameworks */ = {
			isa = PBXGroup;
			children = (
				A6CE21CD1BE0732C00249226 /* CoreLocation.framework */,
				FC4E395D907E39011BDB568E /* libPods-iBeaGuide.a */,
			);
			name = Frameworks;
			sourceTree = "<group>";
		};
/* End PBXGroup section */

/* Begin PBXNativeTarget section */
		A63994341BDE4614003E1BCA /* iBeaGuide */ = {
			isa = PBXNativeTarget;
			buildConfigurationList = A63994651BDE4615003E1BCA /* Build configuration list for PBXNativeTarget "iBeaGuide" */;
			buildPhases = (
				60E2D03934CD399FA17305BD /* Check Pods Manifest.lock */,
				A63994311BDE4614003E1BCA /* Sources */,
				A63994321BDE4614003E1BCA /* Frameworks */,
				A63994331BDE4614003E1BCA /* Resources */,
				EE0A737A248AB08A9C163135 /* Embed Pods Frameworks */,
				927BFE360313A8EFC872854F /* Copy Pods Resources */,
			);
			buildRules = (
			);
			dependencies = (
			);
			name = iBeaGuide;
			productName = iBeaGuide;
			productReference = A63994351BDE4614003E1BCA /* iBeaGuide.app */;
			productType = "com.apple.product-type.application";
		};
		A63994501BDE4615003E1BCA /* iBeaGuideTests */ = {
			isa = PBXNativeTarget;
			buildConfigurationList = A63994681BDE4615003E1BCA /* Build configuration list for PBXNativeTarget "iBeaGuideTests" */;
			buildPhases = (
				A639944D1BDE4615003E1BCA /* Sources */,
				A639944E1BDE4615003E1BCA /* Frameworks */,
				A639944F1BDE4615003E1BCA /* Resources */,
			);
			buildRules = (
			);
			dependencies = (
				A63994531BDE4615003E1BCA /* PBXTargetDependency */,
			);
			name = iBeaGuideTests;
			productName = iBeaGuideTests;
			productReference = A63994511BDE4615003E1BCA /* iBeaGuideTests.xctest */;
			productType = "com.apple.product-type.bundle.unit-test";
		};
		A639945B1BDE4615003E1BCA /* iBeaGuideUITests */ = {
			isa = PBXNativeTarget;
			buildConfigurationList = A639946B1BDE4615003E1BCA /* Build configuration list for PBXNativeTarget "iBeaGuideUITests" */;
			buildPhases = (
				A63994581BDE4615003E1BCA /* Sources */,
				A63994591BDE4615003E1BCA /* Frameworks */,
				A639945A1BDE4615003E1BCA /* Resources */,
			);
			buildRules = (
			);
			dependencies = (
				A639945E1BDE4615003E1BCA /* PBXTargetDependency */,
			);
			name = iBeaGuideUITests;
			productName = iBeaGuideUITests;
			productReference = A639945C1BDE4615003E1BCA /* iBeaGuideUITests.xctest */;
			productType = "com.apple.product-type.bundle.ui-testing";
		};
/* End PBXNativeTarget section */

/* Begin PBXProject section */
		A639942D1BDE4614003E1BCA /* Project object */ = {
			isa = PBXProject;
			attributes = {
				CLASSPREFIX = iBG;
				LastUpgradeCheck = 0710;
				ORGANIZATIONNAME = "Cheng Chia Ting";
				TargetAttributes = {
					A63994341BDE4614003E1BCA = {
						CreatedOnToolsVersion = 7.1;
						DevelopmentTeam = 7SYKJV64VD;
					};
					A63994501BDE4615003E1BCA = {
						CreatedOnToolsVersion = 7.1;
						TestTargetID = A63994341BDE4614003E1BCA;
					};
					A639945B1BDE4615003E1BCA = {
						CreatedOnToolsVersion = 7.1;
						TestTargetID = A63994341BDE4614003E1BCA;
					};
				};
			};
			buildConfigurationList = A63994301BDE4614003E1BCA /* Build configuration list for PBXProject "iBeaGuide" */;
			compatibilityVersion = "Xcode 6.3";
			developmentRegion = English;
			hasScannedForEncodings = 0;
			knownRegions = (
				en,
				Base,
			);
			mainGroup = A639942C1BDE4614003E1BCA;
			productRefGroup = A63994361BDE4614003E1BCA /* Products */;
			projectDirPath = "";
			projectRoot = "";
			targets = (
				A63994341BDE4614003E1BCA /* iBeaGuide */,
				A63994501BDE4615003E1BCA /* iBeaGuideTests */,
				A639945B1BDE4615003E1BCA /* iBeaGuideUITests */,
			);
		};
/* End PBXProject section */

/* Begin PBXResourcesBuildPhase section */
		A63994331BDE4614003E1BCA /* Resources */ = {
			isa = PBXResourcesBuildPhase;
			buildActionMask = 2147483647;
			files = (
				A6CE219F1BDFB2BE00249226 /* fblogin@2x.png in Resources */,
				A6CE21A01BDFB2BE00249226 /* icon-1024px@2x.png in Resources */,
				A6CE219E1BDFB2BE00249226 /* enter@2x.png in Resources */,
				A6CE21A21BDFB2BE00249226 /* icon-60px@2x.png in Resources */,
				A6CE21C21BDFE1B100249226 /* setting_2@2x.png in Resources */,
				A6CE21C01BDFE1B100249226 /* guide_2@2x.png in Resources */,
				A63994481BDE4615003E1BCA /* Assets.xcassets in Resources */,
				A6D09A8C1BECC31800E50EDC /* Sanpan@2x.jpg in Resources */,
				A6D2F6A01BEA494100639707 /* plus_full@2x.png in Resources */,
				A6CE219B1BDFB2BE00249226 /* detect_1@2x.png in Resources */,
				A6CE21AC1BDFB2BE00249226 /* setting@2x.png in Resources */,
				A6D2F69F1BEA494100639707 /* message_full@2x.png in Resources */,
				A6CE219C1BDFB2BE00249226 /* detect_2@2x.png in Resources */,
				A6CE21B11BDFB2BE00249226 /* yes@2x.png in Resources */,
				A6CE21BF1BDFE1B100249226 /* guide_1@2x.png in Resources */,
				A63994431BDE4615003E1BCA /* Main.storyboard in Resources */,
				A6CE21A81BDFB2BE00249226 /* mycollection@2x.png in Resources */,
				A6CE21A11BDFB2BE00249226 /* icon-120px@2x.png in Resources */,
				A6CE21A51BDFB2BE00249226 /* logo@2x.png in Resources */,
				A6CE21A31BDFB2BE00249226 /* launch_image@2x.png in Resources */,
				A6CE21B01BDFB2BE00249226 /* star_on@2x.png in Resources */,
				A6D2F6A11BEA494100639707 /* share_full@2x.png in Resources */,
				A6CE219A1BDFB2BE00249226 /* collection@2x.png in Resources */,
				A6CE21A41BDFB2BE00249226 /* login@2x.png in Resources */,
				A6CE21C11BDFE1B100249226 /* setting_1@2x.png in Resources */,
				A6CE21AE1BDFB2BE00249226 /* share_2@2x.png in Resources */,
				A6CE21A71BDFB2BE00249226 /* message_2@2x.png in Resources */,
				A6CE21AB1BDFB2BE00249226 /* register@2x.png in Resources */,
				A6CE21A91BDFB2BE00249226 /* no@2x.png in Resources */,
				A6CE21981BDFB2BE00249226 /* back@2x.png in Resources */,
				A6CE21AA1BDFB2BE00249226 /* plus@2x.png in Resources */,
				A6D2F6941BEA350D00639707 /* message_cut@2x.png in Resources */,
				A6D2F6951BEA350D00639707 /* message@2x.png in Resources */,
				A6CE21AD1BDFB2BE00249226 /* share@2x.png in Resources */,
				A6CE21BD1BDFE1B100249226 /* collection_1@2x.png in Resources */,
				A6CE21BE1BDFE1B100249226 /* collection_2@2x.png in Resources */,
				A6CE21991BDFB2BE00249226 /* close@2x.png in Resources */,
				A6CE21AF1BDFB2BE00249226 /* star_off@2x.png in Resources */,
				A6CE219D1BDFB2BE00249226 /* detect_3@2x.png in Resources */,
				A6CE21B31BDFC1DB00249226 /* Mona_Lisa@2x.jpg in Resources */,
			);
			runOnlyForDeploymentPostprocessing = 0;
		};
		A639944F1BDE4615003E1BCA /* Resources */ = {
			isa = PBXResourcesBuildPhase;
			buildActionMask = 2147483647;
			files = (
			);
			runOnlyForDeploymentPostprocessing = 0;
		};
		A639945A1BDE4615003E1BCA /* Resources */ = {
			isa = PBXResourcesBuildPhase;
			buildActionMask = 2147483647;
			files = (
			);
			runOnlyForDeploymentPostprocessing = 0;
		};
/* End PBXResourcesBuildPhase section */

/* Begin PBXShellScriptBuildPhase section */
		60E2D03934CD399FA17305BD /* Check Pods Manifest.lock */ = {
			isa = PBXShellScriptBuildPhase;
			buildActionMask = 2147483647;
			files = (
			);
			inputPaths = (
			);
			name = "Check Pods Manifest.lock";
			outputPaths = (
			);
			runOnlyForDeploymentPostprocessing = 0;
			shellPath = /bin/sh;
			shellScript = "diff \"${PODS_ROOT}/../Podfile.lock\" \"${PODS_ROOT}/Manifest.lock\" > /dev/null\nif [[ $? != 0 ]] ; then\n    cat << EOM\nerror: The sandbox is not in sync with the Podfile.lock. Run 'pod install' or update your CocoaPods installation.\nEOM\n    exit 1\nfi\n";
			showEnvVarsInLog = 0;
		};
		927BFE360313A8EFC872854F /* Copy Pods Resources */ = {
			isa = PBXShellScriptBuildPhase;
			buildActionMask = 2147483647;
			files = (
			);
			inputPaths = (
			);
			name = "Copy Pods Resources";
			outputPaths = (
			);
			runOnlyForDeploymentPostprocessing = 0;
			shellPath = /bin/sh;
			shellScript = "\"${SRCROOT}/Pods/Target Support Files/Pods-iBeaGuide/Pods-iBeaGuide-resources.sh\"\n";
			showEnvVarsInLog = 0;
		};
		EE0A737A248AB08A9C163135 /* Embed Pods Frameworks */ = {
			isa = PBXShellScriptBuildPhase;
			buildActionMask = 2147483647;
			files = (
			);
			inputPaths = (
			);
			name = "Embed Pods Frameworks";
			outputPaths = (
			);
			runOnlyForDeploymentPostprocessing = 0;
			shellPath = /bin/sh;
			shellScript = "\"${SRCROOT}/Pods/Target Support Files/Pods-iBeaGuide/Pods-iBeaGuide-frameworks.sh\"\n";
			showEnvVarsInLog = 0;
		};
/* End PBXShellScriptBuildPhase section */

/* Begin PBXSourcesBuildPhase section */
		A63994311BDE4614003E1BCA /* Sources */ = {
			isa = PBXSourcesBuildPhase;
			buildActionMask = 2147483647;
			files = (
				A6D09A8F1BECC95900E50EDC /* iBGNYTPhoto.m in Sources */,
				A6D2F6981BEA3DF600639707 /* iBGItemMaskViewController.m in Sources */,
				A6A7348D1BE8E64800772655 /* iBGItemCommentViewController.m in Sources */,
				A6CE21B61BDFD97200249226 /* iBGExhInfoViewController.m in Sources */,
				A63994461BDE4615003E1BCA /* iBeaGuide.xcdatamodeld in Sources */,
				A6D58BC71BE78EA800C4AFF4 /* iBGItemPageParentViewController.m in Sources */,
				A639943D1BDE4615003E1BCA /* AppDelegate.m in Sources */,
				A6D58BC41BE7863C00C4AFF4 /* iBGItemInfoViewController.m in Sources */,
				A639943A1BDE4615003E1BCA /* main.m in Sources */,
				A6A7348A1BE8DBA000772655 /* iBGItemDetailViewController.m in Sources */,
				A6D09A921BECF27500E50EDC /* iBGItemCommentTableViewController.m in Sources */,
				A6CF59A01BEDD35D0025A26C /* UIView+Glow.m in Sources */,
				A6D2F69B1BEA483500639707 /* iBGItemMenuButton.m in Sources */,
				A6CE217C1BDF6AE600249226 /* iBGMoniterViewController.m in Sources */,
			);
			runOnlyForDeploymentPostprocessing = 0;
		};
		A639944D1BDE4615003E1BCA /* Sources */ = {
			isa = PBXSourcesBuildPhase;
			buildActionMask = 2147483647;
			files = (
				A63994561BDE4615003E1BCA /* iBeaGuideTests.m in Sources */,
			);
			runOnlyForDeploymentPostprocessing = 0;
		};
		A63994581BDE4615003E1BCA /* Sources */ = {
			isa = PBXSourcesBuildPhase;
			buildActionMask = 2147483647;
			files = (
				A63994611BDE4615003E1BCA /* iBeaGuideUITests.m in Sources */,
			);
			runOnlyForDeploymentPostprocessing = 0;
		};
/* End PBXSourcesBuildPhase section */

/* Begin PBXTargetDependency section */
		A63994531BDE4615003E1BCA /* PBXTargetDependency */ = {
			isa = PBXTargetDependency;
			target = A63994341BDE4614003E1BCA /* iBeaGuide */;
			targetProxy = A63994521BDE4615003E1BCA /* PBXContainerItemProxy */;
		};
		A639945E1BDE4615003E1BCA /* PBXTargetDependency */ = {
			isa = PBXTargetDependency;
			target = A63994341BDE4614003E1BCA /* iBeaGuide */;
			targetProxy = A639945D1BDE4615003E1BCA /* PBXContainerItemProxy */;
		};
/* End PBXTargetDependency section */

/* Begin PBXVariantGroup section */
		A63994411BDE4615003E1BCA /* Main.storyboard */ = {
			isa = PBXVariantGroup;
			children = (
				A63994421BDE4615003E1BCA /* Base */,
			);
			name = Main.storyboard;
			sourceTree = "<group>";
		};
/* End PBXVariantGroup section */

/* Begin XCBuildConfiguration section */
		A63994631BDE4615003E1BCA /* Debug */ = {
			isa = XCBuildConfiguration;
			buildSettings = {
				ALWAYS_SEARCH_USER_PATHS = NO;
				CLANG_CXX_LANGUAGE_STANDARD = "gnu++0x";
				CLANG_CXX_LIBRARY = "libc++";
				CLANG_ENABLE_MODULES = YES;
				CLANG_ENABLE_OBJC_ARC = YES;
				CLANG_WARN_BOOL_CONVERSION = YES;
				CLANG_WARN_CONSTANT_CONVERSION = YES;
				CLANG_WARN_DIRECT_OBJC_ISA_USAGE = YES_ERROR;
				CLANG_WARN_EMPTY_BODY = YES;
				CLANG_WARN_ENUM_CONVERSION = YES;
				CLANG_WARN_INT_CONVERSION = YES;
				CLANG_WARN_OBJC_ROOT_CLASS = YES_ERROR;
				CLANG_WARN_UNREACHABLE_CODE = YES;
				CLANG_WARN__DUPLICATE_METHOD_MATCH = YES;
				"CODE_SIGN_IDENTITY[sdk=iphoneos*]" = "iPhone Developer";
				COPY_PHASE_STRIP = NO;
				DEBUG_INFORMATION_FORMAT = dwarf;
				ENABLE_STRICT_OBJC_MSGSEND = YES;
				ENABLE_TESTABILITY = YES;
				GCC_C_LANGUAGE_STANDARD = gnu99;
				GCC_DYNAMIC_NO_PIC = NO;
				GCC_NO_COMMON_BLOCKS = YES;
				GCC_OPTIMIZATION_LEVEL = 0;
				GCC_PREPROCESSOR_DEFINITIONS = (
					"DEBUG=1",
					"$(inherited)",
				);
				GCC_WARN_64_TO_32_BIT_CONVERSION = YES;
				GCC_WARN_ABOUT_RETURN_TYPE = YES_ERROR;
				GCC_WARN_UNDECLARED_SELECTOR = YES;
				GCC_WARN_UNINITIALIZED_AUTOS = YES_AGGRESSIVE;
				GCC_WARN_UNUSED_FUNCTION = YES;
				GCC_WARN_UNUSED_VARIABLE = YES;
				IPHONEOS_DEPLOYMENT_TARGET = 9.1;
				MTL_ENABLE_DEBUG_INFO = YES;
				ONLY_ACTIVE_ARCH = YES;
				SDKROOT = iphoneos;
			};
			name = Debug;
		};
		A63994641BDE4615003E1BCA /* Release */ = {
			isa = XCBuildConfiguration;
			buildSettings = {
				ALWAYS_SEARCH_USER_PATHS = NO;
				CLANG_CXX_LANGUAGE_STANDARD = "gnu++0x";
				CLANG_CXX_LIBRARY = "libc++";
				CLANG_ENABLE_MODULES = YES;
				CLANG_ENABLE_OBJC_ARC = YES;
				CLANG_WARN_BOOL_CONVERSION = YES;
				CLANG_WARN_CONSTANT_CONVERSION = YES;
				CLANG_WARN_DIRECT_OBJC_ISA_USAGE = YES_ERROR;
				CLANG_WARN_EMPTY_BODY = YES;
				CLANG_WARN_ENUM_CONVERSION = YES;
				CLANG_WARN_INT_CONVERSION = YES;
				CLANG_WARN_OBJC_ROOT_CLASS = YES_ERROR;
				CLANG_WARN_UNREACHABLE_CODE = YES;
				CLANG_WARN__DUPLICATE_METHOD_MATCH = YES;
				"CODE_SIGN_IDENTITY[sdk=iphoneos*]" = "iPhone Developer";
				COPY_PHASE_STRIP = NO;
				DEBUG_INFORMATION_FORMAT = "dwarf-with-dsym";
				ENABLE_NS_ASSERTIONS = NO;
				ENABLE_STRICT_OBJC_MSGSEND = YES;
				GCC_C_LANGUAGE_STANDARD = gnu99;
				GCC_NO_COMMON_BLOCKS = YES;
				GCC_WARN_64_TO_32_BIT_CONVERSION = YES;
				GCC_WARN_ABOUT_RETURN_TYPE = YES_ERROR;
				GCC_WARN_UNDECLARED_SELECTOR = YES;
				GCC_WARN_UNINITIALIZED_AUTOS = YES_AGGRESSIVE;
				GCC_WARN_UNUSED_FUNCTION = YES;
				GCC_WARN_UNUSED_VARIABLE = YES;
				IPHONEOS_DEPLOYMENT_TARGET = 9.1;
				MTL_ENABLE_DEBUG_INFO = NO;
				SDKROOT = iphoneos;
				VALIDATE_PRODUCT = YES;
			};
			name = Release;
		};
		A63994661BDE4615003E1BCA /* Debug */ = {
			isa = XCBuildConfiguration;
			baseConfigurationReference = 7076082BED9CFAA4CE694B56 /* Pods-iBeaGuide.debug.xcconfig */;
			buildSettings = {
				ASSETCATALOG_COMPILER_APPICON_NAME = AppIcon;
				ASSETCATALOG_COMPILER_LAUNCHIMAGE_NAME = LaunchImage;
				CODE_SIGN_IDENTITY = "iPhone Developer";
				INFOPLIST_FILE = iBeaGuide/Info.plist;
				IPHONEOS_DEPLOYMENT_TARGET = 8.3;
				LD_RUNPATH_SEARCH_PATHS = "$(inherited) @executable_path/Frameworks";
				PRODUCT_BUNDLE_IDENTIFIER = ChengChiaTing.iBeaGuide;
				PRODUCT_NAME = "$(TARGET_NAME)";
			};
			name = Debug;
		};
		A63994671BDE4615003E1BCA /* Release */ = {
			isa = XCBuildConfiguration;
			baseConfigurationReference = 0C29256AD0DEF46F06333C79 /* Pods-iBeaGuide.release.xcconfig */;
			buildSettings = {
				ASSETCATALOG_COMPILER_APPICON_NAME = AppIcon;
				ASSETCATALOG_COMPILER_LAUNCHIMAGE_NAME = LaunchImage;
				CODE_SIGN_IDENTITY = "iPhone Developer";
				INFOPLIST_FILE = iBeaGuide/Info.plist;
				IPHONEOS_DEPLOYMENT_TARGET = 8.3;
				LD_RUNPATH_SEARCH_PATHS = "$(inherited) @executable_path/Frameworks";
				PRODUCT_BUNDLE_IDENTIFIER = ChengChiaTing.iBeaGuide;
				PRODUCT_NAME = "$(TARGET_NAME)";
			};
			name = Release;
		};
		A63994691BDE4615003E1BCA /* Debug */ = {
			isa = XCBuildConfiguration;
			buildSettings = {
				BUNDLE_LOADER = "$(TEST_HOST)";
				INFOPLIST_FILE = iBeaGuideTests/Info.plist;
				LD_RUNPATH_SEARCH_PATHS = "$(inherited) @executable_path/Frameworks @loader_path/Frameworks";
				PRODUCT_BUNDLE_IDENTIFIER = ChengChiaTing.iBeaGuideTests;
				PRODUCT_NAME = "$(TARGET_NAME)";
				TEST_HOST = "$(BUILT_PRODUCTS_DIR)/iBeaGuide.app/iBeaGuide";
			};
			name = Debug;
		};
		A639946A1BDE4615003E1BCA /* Release */ = {
			isa = XCBuildConfiguration;
			buildSettings = {
				BUNDLE_LOADER = "$(TEST_HOST)";
				INFOPLIST_FILE = iBeaGuideTests/Info.plist;
				LD_RUNPATH_SEARCH_PATHS = "$(inherited) @executable_path/Frameworks @loader_path/Frameworks";
				PRODUCT_BUNDLE_IDENTIFIER = ChengChiaTing.iBeaGuideTests;
				PRODUCT_NAME = "$(TARGET_NAME)";
				TEST_HOST = "$(BUILT_PRODUCTS_DIR)/iBeaGuide.app/iBeaGuide";
			};
			name = Release;
		};
		A639946C1BDE4615003E1BCA /* Debug */ = {
			isa = XCBuildConfiguration;
			buildSettings = {
				INFOPLIST_FILE = iBeaGuideUITests/Info.plist;
				LD_RUNPATH_SEARCH_PATHS = "$(inherited) @executable_path/Frameworks @loader_path/Frameworks";
				PRODUCT_BUNDLE_IDENTIFIER = ChengChiaTing.iBeaGuideUITests;
				PRODUCT_NAME = "$(TARGET_NAME)";
				TEST_TARGET_NAME = iBeaGuide;
				USES_XCTRUNNER = YES;
			};
			name = Debug;
		};
		A639946D1BDE4615003E1BCA /* Release */ = {
			isa = XCBuildConfiguration;
			buildSettings = {
				INFOPLIST_FILE = iBeaGuideUITests/Info.plist;
				LD_RUNPATH_SEARCH_PATHS = "$(inherited) @executable_path/Frameworks @loader_path/Frameworks";
				PRODUCT_BUNDLE_IDENTIFIER = ChengChiaTing.iBeaGuideUITests;
				PRODUCT_NAME = "$(TARGET_NAME)";
				TEST_TARGET_NAME = iBeaGuide;
				USES_XCTRUNNER = YES;
			};
			name = Release;
		};
/* End XCBuildConfiguration section */

/* Begin XCConfigurationList section */
		A63994301BDE4614003E1BCA /* Build configuration list for PBXProject "iBeaGuide" */ = {
			isa = XCConfigurationList;
			buildConfigurations = (
				A63994631BDE4615003E1BCA /* Debug */,
				A63994641BDE4615003E1BCA /* Release */,
			);
			defaultConfigurationIsVisible = 0;
			defaultConfigurationName = Release;
		};
		A63994651BDE4615003E1BCA /* Build configuration list for PBXNativeTarget "iBeaGuide" */ = {
			isa = XCConfigurationList;
			buildConfigurations = (
				A63994661BDE4615003E1BCA /* Debug */,
				A63994671BDE4615003E1BCA /* Release */,
			);
			defaultConfigurationIsVisible = 0;
			defaultConfigurationName = Release;
		};
		A63994681BDE4615003E1BCA /* Build configuration list for PBXNativeTarget "iBeaGuideTests" */ = {
			isa = XCConfigurationList;
			buildConfigurations = (
				A63994691BDE4615003E1BCA /* Debug */,
				A639946A1BDE4615003E1BCA /* Release */,
			);
			defaultConfigurationIsVisible = 0;
			defaultConfigurationName = Release;
		};
		A639946B1BDE4615003E1BCA /* Build configuration list for PBXNativeTarget "iBeaGuideUITests" */ = {
			isa = XCConfigurationList;
			buildConfigurations = (
				A639946C1BDE4615003E1BCA /* Debug */,
				A639946D1BDE4615003E1BCA /* Release */,
			);
			defaultConfigurationIsVisible = 0;
			defaultConfigurationName = Release;
		};
/* End XCConfigurationList section */

/* Begin XCVersionGroup section */
		A63994441BDE4615003E1BCA /* iBeaGuide.xcdatamodeld */ = {
			isa = XCVersionGroup;
			children = (
				A63994451BDE4615003E1BCA /* iBeaGuide.xcdatamodel */,
			);
			currentVersion = A63994451BDE4615003E1BCA /* iBeaGuide.xcdatamodel */;
			path = iBeaGuide.xcdatamodeld;
			sourceTree = "<group>";
			versionGroupType = wrapper.xcdatamodel;
		};
/* End XCVersionGroup section */
	};
	rootObject = A639942D1BDE4614003E1BCA /* Project object */;
}
