// !$*UTF8*$!
{
	archiveVersion = 1;
	classes = {
	};
	objectVersion = 47;
	objects = {

/* Begin PBXBuildFile section */
		A639943A1BDE4615003E1BCA /* main.m in Sources */ = {isa = PBXBuildFile; fileRef = A63994391BDE4615003E1BCA /* main.m */; };
		A639943D1BDE4615003E1BCA /* AppDelegate.m in Sources */ = {isa = PBXBuildFile; fileRef = A639943C1BDE4615003E1BCA /* AppDelegate.m */; };
		A63994431BDE4615003E1BCA /* Main.storyboard in Resources */ = {isa = PBXBuildFile; fileRef = A63994411BDE4615003E1BCA /* Main.storyboard */; };
		A63994461BDE4615003E1BCA /* iBeaGuide.xcdatamodeld in Sources */ = {isa = PBXBuildFile; fileRef = A63994441BDE4615003E1BCA /* iBeaGuide.xcdatamodeld */; };
		A63994481BDE4615003E1BCA /* Assets.xcassets in Resources */ = {isa = PBXBuildFile; fileRef = A63994471BDE4615003E1BCA /* Assets.xcassets */; };
		A63994561BDE4615003E1BCA /* iBeaGuideTests.m in Sources */ = {isa = PBXBuildFile; fileRef = A63994551BDE4615003E1BCA /* iBeaGuideTests.m */; };
		A63994611BDE4615003E1BCA /* iBeaGuideUITests.m in Sources */ = {isa = PBXBuildFile; fileRef = A63994601BDE4615003E1BCA /* iBeaGuideUITests.m */; };
		A65AE1981C29FD2E00BDAAE3 /* dct.jpg in Resources */ = {isa = PBXBuildFile; fileRef = A65AE1971C29FD2E00BDAAE3 /* dct.jpg */; };
		A6A7348A1BE8DBA000772655 /* iBGItemDetailViewController.m in Sources */ = {isa = PBXBuildFile; fileRef = A6A734891BE8DBA000772655 /* iBGItemDetailViewController.m */; };
		A6A7348D1BE8E64800772655 /* iBGCommentViewController.m in Sources */ = {isa = PBXBuildFile; fileRef = A6A7348C1BE8E64800772655 /* iBGCommentViewController.m */; };
		A6B309081C140FC700DDA89E /* UITableView+FDIndexPathHeightCache.m in Sources */ = {isa = PBXBuildFile; fileRef = A6B308E71C140FC700DDA89E /* UITableView+FDIndexPathHeightCache.m */; };
		A6B309091C140FC700DDA89E /* UITableView+FDKeyedHeightCache.m in Sources */ = {isa = PBXBuildFile; fileRef = A6B308E91C140FC700DDA89E /* UITableView+FDKeyedHeightCache.m */; };
		A6B3090A1C140FC700DDA89E /* UITableView+FDTemplateLayoutCell.m in Sources */ = {isa = PBXBuildFile; fileRef = A6B308EB1C140FC700DDA89E /* UITableView+FDTemplateLayoutCell.m */; };
		A6B3090B1C140FC700DDA89E /* UITableView+FDTemplateLayoutCellDebug.m in Sources */ = {isa = PBXBuildFile; fileRef = A6B308ED1C140FC700DDA89E /* UITableView+FDTemplateLayoutCellDebug.m */; };
		A6B3090C1C140FC700DDA89E /* NYTPhotoCaptionView.m in Sources */ = {isa = PBXBuildFile; fileRef = A6B308F01C140FC700DDA89E /* NYTPhotoCaptionView.m */; };
		A6B3090D1C140FC700DDA89E /* NYTPhotoDismissalInteractionController.m in Sources */ = {isa = PBXBuildFile; fileRef = A6B308F21C140FC700DDA89E /* NYTPhotoDismissalInteractionController.m */; };
		A6B3090E1C140FC700DDA89E /* NYTPhotosDataSource.m in Sources */ = {isa = PBXBuildFile; fileRef = A6B308F41C140FC700DDA89E /* NYTPhotosDataSource.m */; };
		A6B3090F1C140FC700DDA89E /* NYTPhotosOverlayView.m in Sources */ = {isa = PBXBuildFile; fileRef = A6B308F61C140FC700DDA89E /* NYTPhotosOverlayView.m */; };
		A6B309101C140FC700DDA89E /* NYTPhotosViewController.m in Sources */ = {isa = PBXBuildFile; fileRef = A6B308F81C140FC700DDA89E /* NYTPhotosViewController.m */; };
		A6B309111C140FC700DDA89E /* NYTPhotoTransitionAnimator.m in Sources */ = {isa = PBXBuildFile; fileRef = A6B308FA1C140FC700DDA89E /* NYTPhotoTransitionAnimator.m */; };
		A6B309121C140FC700DDA89E /* NYTPhotoTransitionController.m in Sources */ = {isa = PBXBuildFile; fileRef = A6B308FC1C140FC700DDA89E /* NYTPhotoTransitionController.m */; };
		A6B309131C140FC700DDA89E /* NYTPhotoViewController.m in Sources */ = {isa = PBXBuildFile; fileRef = A6B308FE1C140FC700DDA89E /* NYTPhotoViewController.m */; };
		A6B309141C140FC700DDA89E /* NYTScalingImageView.m in Sources */ = {isa = PBXBuildFile; fileRef = A6B309001C140FC700DDA89E /* NYTScalingImageView.m */; };
		A6B309151C140FC700DDA89E /* NSBundle+NYTPhotoViewer.m in Sources */ = {isa = PBXBuildFile; fileRef = A6B309071C140FC700DDA89E /* NSBundle+NYTPhotoViewer.m */; };
		A6B9D50C1C15F4B300654815 /* iBGMyCollectionTableViewHeaderCell.m in Sources */ = {isa = PBXBuildFile; fileRef = A6B9D50B1C15F4B300654815 /* iBGMyCollectionTableViewHeaderCell.m */; };
		A6B9D50F1C16250900654815 /* iBGSettingTableViewController.m in Sources */ = {isa = PBXBuildFile; fileRef = A6B9D50E1C16250900654815 /* iBGSettingTableViewController.m */; };
		A6B9D5141C1819FC00654815 /* NSManagedObject+Serialization.m in Sources */ = {isa = PBXBuildFile; fileRef = A6B9D5131C1819FC00654815 /* NSManagedObject+Serialization.m */; };
		A6CA5D631C195C59002640FB /* fblogout@2x.png in Resources */ = {isa = PBXBuildFile; fileRef = A6CA5D621C195C59002640FB /* fblogout@2x.png */; };
		A6CA5D671C19CC6D002640FB /* MBProgressHUD.m in Sources */ = {isa = PBXBuildFile; fileRef = A6CA5D661C19CC6D002640FB /* MBProgressHUD.m */; };
		A6CA5D691C19DE55002640FB /* 37x-Checkmark@2x.png in Resources */ = {isa = PBXBuildFile; fileRef = A6CA5D681C19DE55002640FB /* 37x-Checkmark@2x.png */; };
		A6CA5D6B1C19E195002640FB /* 37x-Warning@2x.png in Resources */ = {isa = PBXBuildFile; fileRef = A6CA5D6A1C19E195002640FB /* 37x-Warning@2x.png */; };
		A6CA5D6D1C19F397002640FB /* 37x-Collect@2x.png in Resources */ = {isa = PBXBuildFile; fileRef = A6CA5D6C1C19F397002640FB /* 37x-Collect@2x.png */; };
		A6CA5D6F1C1B56F6002640FB /* soda.mp3 in Resources */ = {isa = PBXBuildFile; fileRef = A6CA5D6E1C1B56F6002640FB /* soda.mp3 */; };
		A6CA5D711C1B5A5B002640FB /* soda2.mp3 in Resources */ = {isa = PBXBuildFile; fileRef = A6CA5D701C1B5A5B002640FB /* soda2.mp3 */; };
		A6CA5D741C1CBF4C002640FB /* iBGGlobalData.m in Sources */ = {isa = PBXBuildFile; fileRef = A6CA5D731C1CBF4C002640FB /* iBGGlobalData.m */; };
		A6CA5D7B1C1CCAE0002640FB /* pause@2x.png in Resources */ = {isa = PBXBuildFile; fileRef = A6CA5D791C1CCAE0002640FB /* pause@2x.png */; };
		A6CA5D7C1C1CCAE0002640FB /* play@2x.png in Resources */ = {isa = PBXBuildFile; fileRef = A6CA5D7A1C1CCAE0002640FB /* play@2x.png */; };
		A6CA5D801C1CD556002640FB /* 37x-Info@2x.png in Resources */ = {isa = PBXBuildFile; fileRef = A6CA5D7F1C1CD556002640FB /* 37x-Info@2x.png */; };
		A6CC49A81C1E041F0072A17C /* logo_1@2x.png in Resources */ = {isa = PBXBuildFile; fileRef = A6CC49A61C1E041F0072A17C /* logo_1@2x.png */; };
		A6CC49A91C1E041F0072A17C /* logo_2@2x.png in Resources */ = {isa = PBXBuildFile; fileRef = A6CC49A71C1E041F0072A17C /* logo_2@2x.png */; };
		A6CE217C1BDF6AE600249226 /* iBGMoniterViewController.m in Sources */ = {isa = PBXBuildFile; fileRef = A6CE217B1BDF6AE600249226 /* iBGMoniterViewController.m */; };
		A6CE21981BDFB2BE00249226 /* back@2x.png in Resources */ = {isa = PBXBuildFile; fileRef = A6CE217E1BDFB2BE00249226 /* back@2x.png */; };
		A6CE21991BDFB2BE00249226 /* close@2x.png in Resources */ = {isa = PBXBuildFile; fileRef = A6CE217F1BDFB2BE00249226 /* close@2x.png */; };
		A6CE219A1BDFB2BE00249226 /* collection@2x.png in Resources */ = {isa = PBXBuildFile; fileRef = A6CE21801BDFB2BE00249226 /* collection@2x.png */; };
		A6CE219B1BDFB2BE00249226 /* detect_1@2x.png in Resources */ = {isa = PBXBuildFile; fileRef = A6CE21811BDFB2BE00249226 /* detect_1@2x.png */; };
		A6CE219C1BDFB2BE00249226 /* detect_2@2x.png in Resources */ = {isa = PBXBuildFile; fileRef = A6CE21821BDFB2BE00249226 /* detect_2@2x.png */; };
		A6CE219D1BDFB2BE00249226 /* detect_3@2x.png in Resources */ = {isa = PBXBuildFile; fileRef = A6CE21831BDFB2BE00249226 /* detect_3@2x.png */; };
		A6CE219E1BDFB2BE00249226 /* enter@2x.png in Resources */ = {isa = PBXBuildFile; fileRef = A6CE21841BDFB2BE00249226 /* enter@2x.png */; };
		A6CE219F1BDFB2BE00249226 /* fblogin@2x.png in Resources */ = {isa = PBXBuildFile; fileRef = A6CE21851BDFB2BE00249226 /* fblogin@2x.png */; };
		A6CE21A11BDFB2BE00249226 /* icon-120px@2x.png in Resources */ = {isa = PBXBuildFile; fileRef = A6CE21871BDFB2BE00249226 /* icon-120px@2x.png */; };
		A6CE21A21BDFB2BE00249226 /* icon-60px@2x.png in Resources */ = {isa = PBXBuildFile; fileRef = A6CE21881BDFB2BE00249226 /* icon-60px@2x.png */; };
		A6CE21A31BDFB2BE00249226 /* launch_image@2x.png in Resources */ = {isa = PBXBuildFile; fileRef = A6CE21891BDFB2BE00249226 /* launch_image@2x.png */; };
		A6CE21A41BDFB2BE00249226 /* login@2x.png in Resources */ = {isa = PBXBuildFile; fileRef = A6CE218A1BDFB2BE00249226 /* login@2x.png */; };
		A6CE21A51BDFB2BE00249226 /* logo@2x.png in Resources */ = {isa = PBXBuildFile; fileRef = A6CE218B1BDFB2BE00249226 /* logo@2x.png */; };
		A6CE21A71BDFB2BE00249226 /* message_2@2x.png in Resources */ = {isa = PBXBuildFile; fileRef = A6CE218D1BDFB2BE00249226 /* message_2@2x.png */; };
		A6CE21AA1BDFB2BE00249226 /* plus@2x.png in Resources */ = {isa = PBXBuildFile; fileRef = A6CE21901BDFB2BE00249226 /* plus@2x.png */; };
		A6CE21AB1BDFB2BE00249226 /* register@2x.png in Resources */ = {isa = PBXBuildFile; fileRef = A6CE21911BDFB2BE00249226 /* register@2x.png */; };
		A6CE21AD1BDFB2BE00249226 /* share@2x.png in Resources */ = {isa = PBXBuildFile; fileRef = A6CE21931BDFB2BE00249226 /* share@2x.png */; };
		A6CE21AE1BDFB2BE00249226 /* share_2@2x.png in Resources */ = {isa = PBXBuildFile; fileRef = A6CE21941BDFB2BE00249226 /* share_2@2x.png */; };
		A6CE21AF1BDFB2BE00249226 /* star_off@2x.png in Resources */ = {isa = PBXBuildFile; fileRef = A6CE21951BDFB2BE00249226 /* star_off@2x.png */; };
		A6CE21B01BDFB2BE00249226 /* star_on@2x.png in Resources */ = {isa = PBXBuildFile; fileRef = A6CE21961BDFB2BE00249226 /* star_on@2x.png */; };
		A6CE21B31BDFC1DB00249226 /* Mona_Lisa@2x.jpg in Resources */ = {isa = PBXBuildFile; fileRef = A6CE21B21BDFC1DB00249226 /* Mona_Lisa@2x.jpg */; };
		A6CE21B61BDFD97200249226 /* iBGExhInfoViewController.m in Sources */ = {isa = PBXBuildFile; fileRef = A6CE21B51BDFD97200249226 /* iBGExhInfoViewController.m */; };
		A6CE21BD1BDFE1B100249226 /* collection_1@2x.png in Resources */ = {isa = PBXBuildFile; fileRef = A6CE21B71BDFE1B100249226 /* collection_1@2x.png */; };
		A6CE21BE1BDFE1B100249226 /* collection_2@2x.png in Resources */ = {isa = PBXBuildFile; fileRef = A6CE21B81BDFE1B100249226 /* collection_2@2x.png */; };
		A6CE21BF1BDFE1B100249226 /* guide_1@2x.png in Resources */ = {isa = PBXBuildFile; fileRef = A6CE21B91BDFE1B100249226 /* guide_1@2x.png */; };
		A6CE21C01BDFE1B100249226 /* guide_2@2x.png in Resources */ = {isa = PBXBuildFile; fileRef = A6CE21BA1BDFE1B100249226 /* guide_2@2x.png */; };
		A6CE21C11BDFE1B100249226 /* setting_1@2x.png in Resources */ = {isa = PBXBuildFile; fileRef = A6CE21BB1BDFE1B100249226 /* setting_1@2x.png */; };
		A6CE21C21BDFE1B100249226 /* setting_2@2x.png in Resources */ = {isa = PBXBuildFile; fileRef = A6CE21BC1BDFE1B100249226 /* setting_2@2x.png */; };
		A6CE21CE1BE0732C00249226 /* CoreLocation.framework in Frameworks */ = {isa = PBXBuildFile; fileRef = A6CE21CD1BE0732C00249226 /* CoreLocation.framework */; };
		A6CF59A01BEDD35D0025A26C /* UIView+Glow.m in Sources */ = {isa = PBXBuildFile; fileRef = A6CF599F1BEDD35D0025A26C /* UIView+Glow.m */; };
		A6CF59A31BEE02920025A26C /* iBGMyCollectionTableViewController.m in Sources */ = {isa = PBXBuildFile; fileRef = A6CF59A21BEE02920025A26C /* iBGMyCollectionTableViewController.m */; };
		A6CF59A61BEE75C10025A26C /* iBGMyCollectionPageParentViewController.m in Sources */ = {isa = PBXBuildFile; fileRef = A6CF59A51BEE75C10025A26C /* iBGMyCollectionPageParentViewController.m */; };
		A6CF59A91BF4A7E40025A26C /* iBGTextInputLayer.m in Sources */ = {isa = PBXBuildFile; fileRef = A6CF59A81BF4A7E40025A26C /* iBGTextInputLayer.m */; };
		A6D003F31BFD0DDE0067CEF1 /* Jade_Cabbage@2x.jpg in Resources */ = {isa = PBXBuildFile; fileRef = A6D003F21BFD0DDE0067CEF1 /* Jade_Cabbage@2x.jpg */; };
		A6D003F71C00B7930067CEF1 /* FBSDKCoreKit.framework in Frameworks */ = {isa = PBXBuildFile; fileRef = A6D003F41C00B7930067CEF1 /* FBSDKCoreKit.framework */; };
		A6D003F81C00B7930067CEF1 /* FBSDKLoginKit.framework in Frameworks */ = {isa = PBXBuildFile; fileRef = A6D003F51C00B7930067CEF1 /* FBSDKLoginKit.framework */; };
		A6D003F91C00B7930067CEF1 /* FBSDKShareKit.framework in Frameworks */ = {isa = PBXBuildFile; fileRef = A6D003F61C00B7930067CEF1 /* FBSDKShareKit.framework */; };
		A6D003FC1C00CE230067CEF1 /* iBGHomeViewController.m in Sources */ = {isa = PBXBuildFile; fileRef = A6D003FB1C00CE230067CEF1 /* iBGHomeViewController.m */; };
		A6D09A8C1BECC31800E50EDC /* Sanpan.jpg in Resources */ = {isa = PBXBuildFile; fileRef = A6D09A8B1BECC31800E50EDC /* Sanpan.jpg */; };
		A6D09A8F1BECC95900E50EDC /* iBGNYTPhoto.m in Sources */ = {isa = PBXBuildFile; fileRef = A6D09A8E1BECC95900E50EDC /* iBGNYTPhoto.m */; };
		A6D09A921BECF27500E50EDC /* iBGCommentTableViewController.m in Sources */ = {isa = PBXBuildFile; fileRef = A6D09A911BECF27500E50EDC /* iBGCommentTableViewController.m */; };
		A6D0BD9F1BF9FDFD0007C13E /* iBGWebViewController.m in Sources */ = {isa = PBXBuildFile; fileRef = A6D0BD9E1BF9FDFD0007C13E /* iBGWebViewController.m */; };
		A6D0C71F1BFB1FFE00D8EC7E /* message_menu@2x.png in Resources */ = {isa = PBXBuildFile; fileRef = A6D0C71E1BFB1FFE00D8EC7E /* message_menu@2x.png */; };
		A6D0C7241BFB4DE200D8EC7E /* iBGMyCollectionTableViewCell.m in Sources */ = {isa = PBXBuildFile; fileRef = A6D0C7231BFB4DE200D8EC7E /* iBGMyCollectionTableViewCell.m */; };
		A6D2F6981BEA3DF600639707 /* iBGItemMaskViewController.m in Sources */ = {isa = PBXBuildFile; fileRef = A6D2F6971BEA3DF600639707 /* iBGItemMaskViewController.m */; };
		A6D2F69B1BEA483500639707 /* iBGItemMenuButton.m in Sources */ = {isa = PBXBuildFile; fileRef = A6D2F69A1BEA483500639707 /* iBGItemMenuButton.m */; };
		A6D2F69F1BEA494100639707 /* message_full@2x.png in Resources */ = {isa = PBXBuildFile; fileRef = A6D2F69C1BEA494100639707 /* message_full@2x.png */; };
		A6D2F6A01BEA494100639707 /* plus_full@2x.png in Resources */ = {isa = PBXBuildFile; fileRef = A6D2F69D1BEA494100639707 /* plus_full@2x.png */; };
		A6D2F6A11BEA494100639707 /* share_full@2x.png in Resources */ = {isa = PBXBuildFile; fileRef = A6D2F69E1BEA494100639707 /* share_full@2x.png */; };
		A6D58BC41BE7863C00C4AFF4 /* iBGItemInfoViewController.m in Sources */ = {isa = PBXBuildFile; fileRef = A6D58BC31BE7863C00C4AFF4 /* iBGItemInfoViewController.m */; };
		A6D58BC71BE78EA800C4AFF4 /* iBGItemPageParentViewController.m in Sources */ = {isa = PBXBuildFile; fileRef = A6D58BC61BE78EA800C4AFF4 /* iBGItemPageParentViewController.m */; };
		A6DB85931BF8B46B00E40EEF /* iBGCommentTableViewCell.m in Sources */ = {isa = PBXBuildFile; fileRef = A6DB85921BF8B46B00E40EEF /* iBGCommentTableViewCell.m */; };
		A6DB85961BF8B4AA00E40EEF /* iBGCommentTableViewHeaderCell.m in Sources */ = {isa = PBXBuildFile; fileRef = A6DB85951BF8B4AA00E40EEF /* iBGCommentTableViewHeaderCell.m */; };
		A6DB85991BF8BF7400E40EEF /* iBGSectionInfoViewController.m in Sources */ = {isa = PBXBuildFile; fileRef = A6DB85981BF8BF7400E40EEF /* iBGSectionInfoViewController.m */; };
		A6E2251B1C21F9B400C9B8F8 /* din.png in Resources */ = {isa = PBXBuildFile; fileRef = A6E2251A1C21F9B400C9B8F8 /* din.png */; };
		A6ED0A961C0DA5D5009BD030 /* NYTPhotoViewerCloseButtonX.png in Resources */ = {isa = PBXBuildFile; fileRef = A6ED0A901C0DA5D5009BD030 /* NYTPhotoViewerCloseButtonX.png */; };
		A6ED0A971C0DA5D5009BD030 /* NYTPhotoViewerCloseButtonX@2x.png in Resources */ = {isa = PBXBuildFile; fileRef = A6ED0A911C0DA5D5009BD030 /* NYTPhotoViewerCloseButtonX@2x.png */; };
		A6ED0A981C0DA5D5009BD030 /* NYTPhotoViewerCloseButtonX@3x.png in Resources */ = {isa = PBXBuildFile; fileRef = A6ED0A921C0DA5D5009BD030 /* NYTPhotoViewerCloseButtonX@3x.png */; };
		A6ED0A991C0DA5D5009BD030 /* NYTPhotoViewerCloseButtonXLandscape.png in Resources */ = {isa = PBXBuildFile; fileRef = A6ED0A931C0DA5D5009BD030 /* NYTPhotoViewerCloseButtonXLandscape.png */; };
		A6ED0A9A1C0DA5D5009BD030 /* NYTPhotoViewerCloseButtonXLandscape@2x.png in Resources */ = {isa = PBXBuildFile; fileRef = A6ED0A941C0DA5D5009BD030 /* NYTPhotoViewerCloseButtonXLandscape@2x.png */; };
		A6ED0A9B1C0DA5D5009BD030 /* NYTPhotoViewerCloseButtonXLandscape@3x.png in Resources */ = {isa = PBXBuildFile; fileRef = A6ED0A951C0DA5D5009BD030 /* NYTPhotoViewerCloseButtonXLandscape@3x.png */; };
		A6ED0A9E1C0DD20D009BD030 /* UILabel+AutoHeight.m in Sources */ = {isa = PBXBuildFile; fileRef = A6ED0A9D1C0DD20D009BD030 /* UILabel+AutoHeight.m */; };
		A6ED0AA11C0F1A71009BD030 /* iBGExitViewController.m in Sources */ = {isa = PBXBuildFile; fileRef = A6ED0AA01C0F1A71009BD030 /* iBGExitViewController.m */; };
		A6EED1691BF712DA001CB88A /* iBGTopicCollectionViewController.m in Sources */ = {isa = PBXBuildFile; fileRef = A6EED1681BF712DA001CB88A /* iBGTopicCollectionViewController.m */; };
		A6EED16C1BF743C5001CB88A /* iBGTopicCollectionViewCell.m in Sources */ = {isa = PBXBuildFile; fileRef = A6EED16B1BF743C5001CB88A /* iBGTopicCollectionViewCell.m */; };
		A6EED16E1BF7A354001CB88A /* Listen_Emotion_Direct@2x.jpg in Resources */ = {isa = PBXBuildFile; fileRef = A6EED16D1BF7A354001CB88A /* Listen_Emotion_Direct@2x.jpg */; };
		A6EED1711BF89F0A001CB88A /* iBGExhPageParentViewController.m in Sources */ = {isa = PBXBuildFile; fileRef = A6EED1701BF89F0A001CB88A /* iBGExhPageParentViewController.m */; };
/* End PBXBuildFile section */

/* Begin PBXContainerItemProxy section */
		A63994521BDE4615003E1BCA /* PBXContainerItemProxy */ = {
			isa = PBXContainerItemProxy;
			containerPortal = A639942D1BDE4614003E1BCA /* Project object */;
			proxyType = 1;
			remoteGlobalIDString = A63994341BDE4614003E1BCA;
			remoteInfo = iBeaGuide;
		};
		A639945D1BDE4615003E1BCA /* PBXContainerItemProxy */ = {
			isa = PBXContainerItemProxy;
			containerPortal = A639942D1BDE4614003E1BCA /* Project object */;
			proxyType = 1;
			remoteGlobalIDString = A63994341BDE4614003E1BCA;
			remoteInfo = iBeaGuide;
		};
/* End PBXContainerItemProxy section */

/* Begin PBXFileReference section */
		A63994351BDE4614003E1BCA /* iBeaGuide.app */ = {isa = PBXFileReference; explicitFileType = wrapper.application; includeInIndex = 0; path = iBeaGuide.app; sourceTree = BUILT_PRODUCTS_DIR; };
		A63994391BDE4615003E1BCA /* main.m */ = {isa = PBXFileReference; lastKnownFileType = sourcecode.c.objc; path = main.m; sourceTree = "<group>"; };
		A639943B1BDE4615003E1BCA /* AppDelegate.h */ = {isa = PBXFileReference; lastKnownFileType = sourcecode.c.h; path = AppDelegate.h; sourceTree = "<group>"; };
		A639943C1BDE4615003E1BCA /* AppDelegate.m */ = {isa = PBXFileReference; lastKnownFileType = sourcecode.c.objc; path = AppDelegate.m; sourceTree = "<group>"; };
		A63994421BDE4615003E1BCA /* Base */ = {isa = PBXFileReference; lastKnownFileType = file.storyboard; name = Base; path = Base.lproj/Main.storyboard; sourceTree = "<group>"; };
		A63994451BDE4615003E1BCA /* iBeaGuide.xcdatamodel */ = {isa = PBXFileReference; lastKnownFileType = wrapper.xcdatamodel; path = iBeaGuide.xcdatamodel; sourceTree = "<group>"; };
		A63994471BDE4615003E1BCA /* Assets.xcassets */ = {isa = PBXFileReference; lastKnownFileType = folder.assetcatalog; path = Assets.xcassets; sourceTree = "<group>"; };
		A639944C1BDE4615003E1BCA /* Info.plist */ = {isa = PBXFileReference; lastKnownFileType = text.plist.xml; path = Info.plist; sourceTree = "<group>"; };
		A63994511BDE4615003E1BCA /* iBeaGuideTests.xctest */ = {isa = PBXFileReference; explicitFileType = wrapper.cfbundle; includeInIndex = 0; path = iBeaGuideTests.xctest; sourceTree = BUILT_PRODUCTS_DIR; };
		A63994551BDE4615003E1BCA /* iBeaGuideTests.m */ = {isa = PBXFileReference; lastKnownFileType = sourcecode.c.objc; path = iBeaGuideTests.m; sourceTree = "<group>"; };
		A63994571BDE4615003E1BCA /* Info.plist */ = {isa = PBXFileReference; lastKnownFileType = text.plist.xml; path = Info.plist; sourceTree = "<group>"; };
		A639945C1BDE4615003E1BCA /* iBeaGuideUITests.xctest */ = {isa = PBXFileReference; explicitFileType = wrapper.cfbundle; includeInIndex = 0; path = iBeaGuideUITests.xctest; sourceTree = BUILT_PRODUCTS_DIR; };
		A63994601BDE4615003E1BCA /* iBeaGuideUITests.m */ = {isa = PBXFileReference; lastKnownFileType = sourcecode.c.objc; path = iBeaGuideUITests.m; sourceTree = "<group>"; };
		A63994621BDE4615003E1BCA /* Info.plist */ = {isa = PBXFileReference; lastKnownFileType = text.plist.xml; path = Info.plist; sourceTree = "<group>"; };
		A65AE1971C29FD2E00BDAAE3 /* dct.jpg */ = {isa = PBXFileReference; lastKnownFileType = image.jpeg; path = dct.jpg; sourceTree = "<group>"; };
		A6A734881BE8DBA000772655 /* iBGItemDetailViewController.h */ = {isa = PBXFileReference; fileEncoding = 4; lastKnownFileType = sourcecode.c.h; path = iBGItemDetailViewController.h; sourceTree = "<group>"; };
		A6A734891BE8DBA000772655 /* iBGItemDetailViewController.m */ = {isa = PBXFileReference; fileEncoding = 4; lastKnownFileType = sourcecode.c.objc; path = iBGItemDetailViewController.m; sourceTree = "<group>"; };
		A6A7348B1BE8E64800772655 /* iBGCommentViewController.h */ = {isa = PBXFileReference; fileEncoding = 4; lastKnownFileType = sourcecode.c.h; path = iBGCommentViewController.h; sourceTree = "<group>"; };
		A6A7348C1BE8E64800772655 /* iBGCommentViewController.m */ = {isa = PBXFileReference; fileEncoding = 4; lastKnownFileType = sourcecode.c.objc; path = iBGCommentViewController.m; sourceTree = "<group>"; };
		A6B308E61C140FC700DDA89E /* UITableView+FDIndexPathHeightCache.h */ = {isa = PBXFileReference; fileEncoding = 4; lastKnownFileType = sourcecode.c.h; path = "UITableView+FDIndexPathHeightCache.h"; sourceTree = "<group>"; };
		A6B308E71C140FC700DDA89E /* UITableView+FDIndexPathHeightCache.m */ = {isa = PBXFileReference; fileEncoding = 4; lastKnownFileType = sourcecode.c.objc; path = "UITableView+FDIndexPathHeightCache.m"; sourceTree = "<group>"; };
		A6B308E81C140FC700DDA89E /* UITableView+FDKeyedHeightCache.h */ = {isa = PBXFileReference; fileEncoding = 4; lastKnownFileType = sourcecode.c.h; path = "UITableView+FDKeyedHeightCache.h"; sourceTree = "<group>"; };
		A6B308E91C140FC700DDA89E /* UITableView+FDKeyedHeightCache.m */ = {isa = PBXFileReference; fileEncoding = 4; lastKnownFileType = sourcecode.c.objc; path = "UITableView+FDKeyedHeightCache.m"; sourceTree = "<group>"; };
		A6B308EA1C140FC700DDA89E /* UITableView+FDTemplateLayoutCell.h */ = {isa = PBXFileReference; fileEncoding = 4; lastKnownFileType = sourcecode.c.h; path = "UITableView+FDTemplateLayoutCell.h"; sourceTree = "<group>"; };
		A6B308EB1C140FC700DDA89E /* UITableView+FDTemplateLayoutCell.m */ = {isa = PBXFileReference; fileEncoding = 4; lastKnownFileType = sourcecode.c.objc; path = "UITableView+FDTemplateLayoutCell.m"; sourceTree = "<group>"; };
		A6B308EC1C140FC700DDA89E /* UITableView+FDTemplateLayoutCellDebug.h */ = {isa = PBXFileReference; fileEncoding = 4; lastKnownFileType = sourcecode.c.h; path = "UITableView+FDTemplateLayoutCellDebug.h"; sourceTree = "<group>"; };
		A6B308ED1C140FC700DDA89E /* UITableView+FDTemplateLayoutCellDebug.m */ = {isa = PBXFileReference; fileEncoding = 4; lastKnownFileType = sourcecode.c.objc; path = "UITableView+FDTemplateLayoutCellDebug.m"; sourceTree = "<group>"; };
		A6B308EF1C140FC700DDA89E /* NYTPhotoCaptionView.h */ = {isa = PBXFileReference; fileEncoding = 4; lastKnownFileType = sourcecode.c.h; path = NYTPhotoCaptionView.h; sourceTree = "<group>"; };
		A6B308F01C140FC700DDA89E /* NYTPhotoCaptionView.m */ = {isa = PBXFileReference; fileEncoding = 4; lastKnownFileType = sourcecode.c.objc; path = NYTPhotoCaptionView.m; sourceTree = "<group>"; };
		A6B308F11C140FC700DDA89E /* NYTPhotoDismissalInteractionController.h */ = {isa = PBXFileReference; fileEncoding = 4; lastKnownFileType = sourcecode.c.h; path = NYTPhotoDismissalInteractionController.h; sourceTree = "<group>"; };
		A6B308F21C140FC700DDA89E /* NYTPhotoDismissalInteractionController.m */ = {isa = PBXFileReference; fileEncoding = 4; lastKnownFileType = sourcecode.c.objc; path = NYTPhotoDismissalInteractionController.m; sourceTree = "<group>"; };
		A6B308F31C140FC700DDA89E /* NYTPhotosDataSource.h */ = {isa = PBXFileReference; fileEncoding = 4; lastKnownFileType = sourcecode.c.h; path = NYTPhotosDataSource.h; sourceTree = "<group>"; };
		A6B308F41C140FC700DDA89E /* NYTPhotosDataSource.m */ = {isa = PBXFileReference; fileEncoding = 4; lastKnownFileType = sourcecode.c.objc; path = NYTPhotosDataSource.m; sourceTree = "<group>"; };
		A6B308F51C140FC700DDA89E /* NYTPhotosOverlayView.h */ = {isa = PBXFileReference; fileEncoding = 4; lastKnownFileType = sourcecode.c.h; path = NYTPhotosOverlayView.h; sourceTree = "<group>"; };
		A6B308F61C140FC700DDA89E /* NYTPhotosOverlayView.m */ = {isa = PBXFileReference; fileEncoding = 4; lastKnownFileType = sourcecode.c.objc; path = NYTPhotosOverlayView.m; sourceTree = "<group>"; };
		A6B308F71C140FC700DDA89E /* NYTPhotosViewController.h */ = {isa = PBXFileReference; fileEncoding = 4; lastKnownFileType = sourcecode.c.h; path = NYTPhotosViewController.h; sourceTree = "<group>"; };
		A6B308F81C140FC700DDA89E /* NYTPhotosViewController.m */ = {isa = PBXFileReference; fileEncoding = 4; lastKnownFileType = sourcecode.c.objc; path = NYTPhotosViewController.m; sourceTree = "<group>"; };
		A6B308F91C140FC700DDA89E /* NYTPhotoTransitionAnimator.h */ = {isa = PBXFileReference; fileEncoding = 4; lastKnownFileType = sourcecode.c.h; path = NYTPhotoTransitionAnimator.h; sourceTree = "<group>"; };
		A6B308FA1C140FC700DDA89E /* NYTPhotoTransitionAnimator.m */ = {isa = PBXFileReference; fileEncoding = 4; lastKnownFileType = sourcecode.c.objc; path = NYTPhotoTransitionAnimator.m; sourceTree = "<group>"; };
		A6B308FB1C140FC700DDA89E /* NYTPhotoTransitionController.h */ = {isa = PBXFileReference; fileEncoding = 4; lastKnownFileType = sourcecode.c.h; path = NYTPhotoTransitionController.h; sourceTree = "<group>"; };
		A6B308FC1C140FC700DDA89E /* NYTPhotoTransitionController.m */ = {isa = PBXFileReference; fileEncoding = 4; lastKnownFileType = sourcecode.c.objc; path = NYTPhotoTransitionController.m; sourceTree = "<group>"; };
		A6B308FD1C140FC700DDA89E /* NYTPhotoViewController.h */ = {isa = PBXFileReference; fileEncoding = 4; lastKnownFileType = sourcecode.c.h; path = NYTPhotoViewController.h; sourceTree = "<group>"; };
		A6B308FE1C140FC700DDA89E /* NYTPhotoViewController.m */ = {isa = PBXFileReference; fileEncoding = 4; lastKnownFileType = sourcecode.c.objc; path = NYTPhotoViewController.m; sourceTree = "<group>"; };
		A6B308FF1C140FC700DDA89E /* NYTScalingImageView.h */ = {isa = PBXFileReference; fileEncoding = 4; lastKnownFileType = sourcecode.c.h; path = NYTScalingImageView.h; sourceTree = "<group>"; };
		A6B309001C140FC700DDA89E /* NYTScalingImageView.m */ = {isa = PBXFileReference; fileEncoding = 4; lastKnownFileType = sourcecode.c.objc; path = NYTScalingImageView.m; sourceTree = "<group>"; };
		A6B309021C140FC700DDA89E /* NYTPhoto.h */ = {isa = PBXFileReference; fileEncoding = 4; lastKnownFileType = sourcecode.c.h; path = NYTPhoto.h; sourceTree = "<group>"; };
		A6B309031C140FC700DDA89E /* NYTPhotoContainer.h */ = {isa = PBXFileReference; fileEncoding = 4; lastKnownFileType = sourcecode.c.h; path = NYTPhotoContainer.h; sourceTree = "<group>"; };
		A6B309041C140FC700DDA89E /* NYTPhotosViewControllerDataSource.h */ = {isa = PBXFileReference; fileEncoding = 4; lastKnownFileType = sourcecode.c.h; path = NYTPhotosViewControllerDataSource.h; sourceTree = "<group>"; };
		A6B309061C140FC700DDA89E /* NSBundle+NYTPhotoViewer.h */ = {isa = PBXFileReference; fileEncoding = 4; lastKnownFileType = sourcecode.c.h; path = "NSBundle+NYTPhotoViewer.h"; sourceTree = "<group>"; };
		A6B309071C140FC700DDA89E /* NSBundle+NYTPhotoViewer.m */ = {isa = PBXFileReference; fileEncoding = 4; lastKnownFileType = sourcecode.c.objc; path = "NSBundle+NYTPhotoViewer.m"; sourceTree = "<group>"; };
		A6B9D50A1C15F4B200654815 /* iBGMyCollectionTableViewHeaderCell.h */ = {isa = PBXFileReference; fileEncoding = 4; lastKnownFileType = sourcecode.c.h; path = iBGMyCollectionTableViewHeaderCell.h; sourceTree = "<group>"; };
		A6B9D50B1C15F4B300654815 /* iBGMyCollectionTableViewHeaderCell.m */ = {isa = PBXFileReference; fileEncoding = 4; lastKnownFileType = sourcecode.c.objc; path = iBGMyCollectionTableViewHeaderCell.m; sourceTree = "<group>"; };
		A6B9D50D1C16250900654815 /* iBGSettingTableViewController.h */ = {isa = PBXFileReference; fileEncoding = 4; lastKnownFileType = sourcecode.c.h; path = iBGSettingTableViewController.h; sourceTree = "<group>"; };
		A6B9D50E1C16250900654815 /* iBGSettingTableViewController.m */ = {isa = PBXFileReference; fileEncoding = 4; lastKnownFileType = sourcecode.c.objc; path = iBGSettingTableViewController.m; sourceTree = "<group>"; };
		A6B9D5101C16DE2600654815 /* iBGGlobal.h */ = {isa = PBXFileReference; fileEncoding = 4; lastKnownFileType = sourcecode.c.h; path = iBGGlobal.h; sourceTree = "<group>"; };
		A6B9D5121C1819FC00654815 /* NSManagedObject+Serialization.h */ = {isa = PBXFileReference; fileEncoding = 4; lastKnownFileType = sourcecode.c.h; path = "NSManagedObject+Serialization.h"; sourceTree = "<group>"; };
		A6B9D5131C1819FC00654815 /* NSManagedObject+Serialization.m */ = {isa = PBXFileReference; fileEncoding = 4; lastKnownFileType = sourcecode.c.objc; path = "NSManagedObject+Serialization.m"; sourceTree = "<group>"; };
		A6CA5D621C195C59002640FB /* fblogout@2x.png */ = {isa = PBXFileReference; lastKnownFileType = image.png; path = "fblogout@2x.png"; sourceTree = "<group>"; };
		A6CA5D651C19CC6D002640FB /* MBProgressHUD.h */ = {isa = PBXFileReference; fileEncoding = 4; lastKnownFileType = sourcecode.c.h; path = MBProgressHUD.h; sourceTree = "<group>"; };
		A6CA5D661C19CC6D002640FB /* MBProgressHUD.m */ = {isa = PBXFileReference; fileEncoding = 4; lastKnownFileType = sourcecode.c.objc; path = MBProgressHUD.m; sourceTree = "<group>"; };
		A6CA5D681C19DE55002640FB /* 37x-Checkmark@2x.png */ = {isa = PBXFileReference; lastKnownFileType = image.png; path = "37x-Checkmark@2x.png"; sourceTree = "<group>"; };
		A6CA5D6A1C19E195002640FB /* 37x-Warning@2x.png */ = {isa = PBXFileReference; lastKnownFileType = image.png; path = "37x-Warning@2x.png"; sourceTree = "<group>"; };
		A6CA5D6C1C19F397002640FB /* 37x-Collect@2x.png */ = {isa = PBXFileReference; lastKnownFileType = image.png; path = "37x-Collect@2x.png"; sourceTree = "<group>"; };
		A6CA5D6E1C1B56F6002640FB /* soda.mp3 */ = {isa = PBXFileReference; lastKnownFileType = audio.mp3; name = soda.mp3; path = images/soda.mp3; sourceTree = "<group>"; };
		A6CA5D701C1B5A5B002640FB /* soda2.mp3 */ = {isa = PBXFileReference; lastKnownFileType = audio.mp3; path = soda2.mp3; sourceTree = "<group>"; };
		A6CA5D721C1CBF4C002640FB /* iBGGlobalData.h */ = {isa = PBXFileReference; fileEncoding = 4; lastKnownFileType = sourcecode.c.h; path = iBGGlobalData.h; sourceTree = "<group>"; };
		A6CA5D731C1CBF4C002640FB /* iBGGlobalData.m */ = {isa = PBXFileReference; fileEncoding = 4; lastKnownFileType = sourcecode.c.objc; path = iBGGlobalData.m; sourceTree = "<group>"; };
		A6CA5D791C1CCAE0002640FB /* pause@2x.png */ = {isa = PBXFileReference; lastKnownFileType = image.png; path = "pause@2x.png"; sourceTree = "<group>"; };
		A6CA5D7A1C1CCAE0002640FB /* play@2x.png */ = {isa = PBXFileReference; lastKnownFileType = image.png; path = "play@2x.png"; sourceTree = "<group>"; };
		A6CA5D7F1C1CD556002640FB /* 37x-Info@2x.png */ = {isa = PBXFileReference; lastKnownFileType = image.png; path = "37x-Info@2x.png"; sourceTree = "<group>"; };
		A6CC49A61C1E041F0072A17C /* logo_1@2x.png */ = {isa = PBXFileReference; lastKnownFileType = image.png; path = "logo_1@2x.png"; sourceTree = "<group>"; };
		A6CC49A71C1E041F0072A17C /* logo_2@2x.png */ = {isa = PBXFileReference; lastKnownFileType = image.png; path = "logo_2@2x.png"; sourceTree = "<group>"; };
		A6CE217A1BDF6AE600249226 /* iBGMoniterViewController.h */ = {isa = PBXFileReference; fileEncoding = 4; lastKnownFileType = sourcecode.c.h; path = iBGMoniterViewController.h; sourceTree = "<group>"; };
		A6CE217B1BDF6AE600249226 /* iBGMoniterViewController.m */ = {isa = PBXFileReference; fileEncoding = 4; lastKnownFileType = sourcecode.c.objc; path = iBGMoniterViewController.m; sourceTree = "<group>"; };
		A6CE217E1BDFB2BE00249226 /* back@2x.png */ = {isa = PBXFileReference; lastKnownFileType = image.png; path = "back@2x.png"; sourceTree = "<group>"; };
		A6CE217F1BDFB2BE00249226 /* close@2x.png */ = {isa = PBXFileReference; lastKnownFileType = image.png; path = "close@2x.png"; sourceTree = "<group>"; };
		A6CE21801BDFB2BE00249226 /* collection@2x.png */ = {isa = PBXFileReference; lastKnownFileType = image.png; path = "collection@2x.png"; sourceTree = "<group>"; };
		A6CE21811BDFB2BE00249226 /* detect_1@2x.png */ = {isa = PBXFileReference; lastKnownFileType = image.png; path = "detect_1@2x.png"; sourceTree = "<group>"; };
		A6CE21821BDFB2BE00249226 /* detect_2@2x.png */ = {isa = PBXFileReference; lastKnownFileType = image.png; path = "detect_2@2x.png"; sourceTree = "<group>"; };
		A6CE21831BDFB2BE00249226 /* detect_3@2x.png */ = {isa = PBXFileReference; lastKnownFileType = image.png; path = "detect_3@2x.png"; sourceTree = "<group>"; };
		A6CE21841BDFB2BE00249226 /* enter@2x.png */ = {isa = PBXFileReference; lastKnownFileType = image.png; path = "enter@2x.png"; sourceTree = "<group>"; };
		A6CE21851BDFB2BE00249226 /* fblogin@2x.png */ = {isa = PBXFileReference; lastKnownFileType = image.png; path = "fblogin@2x.png"; sourceTree = "<group>"; };
		A6CE21871BDFB2BE00249226 /* icon-120px@2x.png */ = {isa = PBXFileReference; lastKnownFileType = image.png; path = "icon-120px@2x.png"; sourceTree = "<group>"; };
		A6CE21881BDFB2BE00249226 /* icon-60px@2x.png */ = {isa = PBXFileReference; lastKnownFileType = image.png; path = "icon-60px@2x.png"; sourceTree = "<group>"; };
		A6CE21891BDFB2BE00249226 /* launch_image@2x.png */ = {isa = PBXFileReference; lastKnownFileType = image.png; path = "launch_image@2x.png"; sourceTree = "<group>"; };
		A6CE218A1BDFB2BE00249226 /* login@2x.png */ = {isa = PBXFileReference; lastKnownFileType = image.png; path = "login@2x.png"; sourceTree = "<group>"; };
		A6CE218B1BDFB2BE00249226 /* logo@2x.png */ = {isa = PBXFileReference; lastKnownFileType = image.png; path = "logo@2x.png"; sourceTree = "<group>"; };
		A6CE218D1BDFB2BE00249226 /* message_2@2x.png */ = {isa = PBXFileReference; lastKnownFileType = image.png; path = "message_2@2x.png"; sourceTree = "<group>"; };
		A6CE21901BDFB2BE00249226 /* plus@2x.png */ = {isa = PBXFileReference; lastKnownFileType = image.png; path = "plus@2x.png"; sourceTree = "<group>"; };
		A6CE21911BDFB2BE00249226 /* register@2x.png */ = {isa = PBXFileReference; lastKnownFileType = image.png; path = "register@2x.png"; sourceTree = "<group>"; };
		A6CE21931BDFB2BE00249226 /* share@2x.png */ = {isa = PBXFileReference; lastKnownFileType = image.png; path = "share@2x.png"; sourceTree = "<group>"; };
		A6CE21941BDFB2BE00249226 /* share_2@2x.png */ = {isa = PBXFileReference; lastKnownFileType = image.png; path = "share_2@2x.png"; sourceTree = "<group>"; };
		A6CE21951BDFB2BE00249226 /* star_off@2x.png */ = {isa = PBXFileReference; lastKnownFileType = image.png; path = "star_off@2x.png"; sourceTree = "<group>"; };
		A6CE21961BDFB2BE00249226 /* star_on@2x.png */ = {isa = PBXFileReference; lastKnownFileType = image.png; path = "star_on@2x.png"; sourceTree = "<group>"; };
		A6CE21B21BDFC1DB00249226 /* Mona_Lisa@2x.jpg */ = {isa = PBXFileReference; lastKnownFileType = image.jpeg; path = "Mona_Lisa@2x.jpg"; sourceTree = "<group>"; };
		A6CE21B41BDFD97200249226 /* iBGExhInfoViewController.h */ = {isa = PBXFileReference; fileEncoding = 4; lastKnownFileType = sourcecode.c.h; path = iBGExhInfoViewController.h; sourceTree = "<group>"; };
		A6CE21B51BDFD97200249226 /* iBGExhInfoViewController.m */ = {isa = PBXFileReference; fileEncoding = 4; lastKnownFileType = sourcecode.c.objc; path = iBGExhInfoViewController.m; sourceTree = "<group>"; };
		A6CE21B71BDFE1B100249226 /* collection_1@2x.png */ = {isa = PBXFileReference; lastKnownFileType = image.png; path = "collection_1@2x.png"; sourceTree = "<group>"; };
		A6CE21B81BDFE1B100249226 /* collection_2@2x.png */ = {isa = PBXFileReference; lastKnownFileType = image.png; path = "collection_2@2x.png"; sourceTree = "<group>"; };
		A6CE21B91BDFE1B100249226 /* guide_1@2x.png */ = {isa = PBXFileReference; lastKnownFileType = image.png; path = "guide_1@2x.png"; sourceTree = "<group>"; };
		A6CE21BA1BDFE1B100249226 /* guide_2@2x.png */ = {isa = PBXFileReference; lastKnownFileType = image.png; path = "guide_2@2x.png"; sourceTree = "<group>"; };
		A6CE21BB1BDFE1B100249226 /* setting_1@2x.png */ = {isa = PBXFileReference; lastKnownFileType = image.png; path = "setting_1@2x.png"; sourceTree = "<group>"; };
		A6CE21BC1BDFE1B100249226 /* setting_2@2x.png */ = {isa = PBXFileReference; lastKnownFileType = image.png; path = "setting_2@2x.png"; sourceTree = "<group>"; };
		A6CE21CD1BE0732C00249226 /* CoreLocation.framework */ = {isa = PBXFileReference; lastKnownFileType = wrapper.framework; name = CoreLocation.framework; path = System/Library/Frameworks/CoreLocation.framework; sourceTree = SDKROOT; };
		A6CF599E1BEDD35D0025A26C /* UIView+Glow.h */ = {isa = PBXFileReference; fileEncoding = 4; lastKnownFileType = sourcecode.c.h; path = "UIView+Glow.h"; sourceTree = "<group>"; };
		A6CF599F1BEDD35D0025A26C /* UIView+Glow.m */ = {isa = PBXFileReference; fileEncoding = 4; lastKnownFileType = sourcecode.c.objc; path = "UIView+Glow.m"; sourceTree = "<group>"; };
		A6CF59A11BEE02920025A26C /* iBGMyCollectionTableViewController.h */ = {isa = PBXFileReference; fileEncoding = 4; lastKnownFileType = sourcecode.c.h; path = iBGMyCollectionTableViewController.h; sourceTree = "<group>"; };
		A6CF59A21BEE02920025A26C /* iBGMyCollectionTableViewController.m */ = {isa = PBXFileReference; fileEncoding = 4; lastKnownFileType = sourcecode.c.objc; path = iBGMyCollectionTableViewController.m; sourceTree = "<group>"; };
		A6CF59A41BEE75C10025A26C /* iBGMyCollectionPageParentViewController.h */ = {isa = PBXFileReference; fileEncoding = 4; lastKnownFileType = sourcecode.c.h; path = iBGMyCollectionPageParentViewController.h; sourceTree = "<group>"; };
		A6CF59A51BEE75C10025A26C /* iBGMyCollectionPageParentViewController.m */ = {isa = PBXFileReference; fileEncoding = 4; lastKnownFileType = sourcecode.c.objc; path = iBGMyCollectionPageParentViewController.m; sourceTree = "<group>"; };
		A6CF59A71BF4A7E40025A26C /* iBGTextInputLayer.h */ = {isa = PBXFileReference; fileEncoding = 4; lastKnownFileType = sourcecode.c.h; path = iBGTextInputLayer.h; sourceTree = "<group>"; };
		A6CF59A81BF4A7E40025A26C /* iBGTextInputLayer.m */ = {isa = PBXFileReference; fileEncoding = 4; lastKnownFileType = sourcecode.c.objc; path = iBGTextInputLayer.m; sourceTree = "<group>"; };
		A6D003F21BFD0DDE0067CEF1 /* Jade_Cabbage@2x.jpg */ = {isa = PBXFileReference; lastKnownFileType = image.jpeg; path = "Jade_Cabbage@2x.jpg"; sourceTree = "<group>"; };
		A6D003F41C00B7930067CEF1 /* FBSDKCoreKit.framework */ = {isa = PBXFileReference; lastKnownFileType = wrapper.framework; name = FBSDKCoreKit.framework; path = "../FacebookSDKs-iOS-20151111/FBSDKCoreKit.framework"; sourceTree = "<group>"; };
		A6D003F51C00B7930067CEF1 /* FBSDKLoginKit.framework */ = {isa = PBXFileReference; lastKnownFileType = wrapper.framework; name = FBSDKLoginKit.framework; path = "../FacebookSDKs-iOS-20151111/FBSDKLoginKit.framework"; sourceTree = "<group>"; };
		A6D003F61C00B7930067CEF1 /* FBSDKShareKit.framework */ = {isa = PBXFileReference; lastKnownFileType = wrapper.framework; name = FBSDKShareKit.framework; path = "../FacebookSDKs-iOS-20151111/FBSDKShareKit.framework"; sourceTree = "<group>"; };
		A6D003FA1C00CE230067CEF1 /* iBGHomeViewController.h */ = {isa = PBXFileReference; fileEncoding = 4; lastKnownFileType = sourcecode.c.h; path = iBGHomeViewController.h; sourceTree = "<group>"; };
		A6D003FB1C00CE230067CEF1 /* iBGHomeViewController.m */ = {isa = PBXFileReference; fileEncoding = 4; lastKnownFileType = sourcecode.c.objc; path = iBGHomeViewController.m; sourceTree = "<group>"; };
		A6D09A8B1BECC31800E50EDC /* Sanpan.jpg */ = {isa = PBXFileReference; lastKnownFileType = image.jpeg; path = Sanpan.jpg; sourceTree = "<group>"; };
		A6D09A8D1BECC95900E50EDC /* iBGNYTPhoto.h */ = {isa = PBXFileReference; fileEncoding = 4; lastKnownFileType = sourcecode.c.h; path = iBGNYTPhoto.h; sourceTree = "<group>"; };
		A6D09A8E1BECC95900E50EDC /* iBGNYTPhoto.m */ = {isa = PBXFileReference; fileEncoding = 4; lastKnownFileType = sourcecode.c.objc; path = iBGNYTPhoto.m; sourceTree = "<group>"; };
		A6D09A901BECF27500E50EDC /* iBGCommentTableViewController.h */ = {isa = PBXFileReference; fileEncoding = 4; lastKnownFileType = sourcecode.c.h; path = iBGCommentTableViewController.h; sourceTree = "<group>"; };
		A6D09A911BECF27500E50EDC /* iBGCommentTableViewController.m */ = {isa = PBXFileReference; fileEncoding = 4; lastKnownFileType = sourcecode.c.objc; path = iBGCommentTableViewController.m; sourceTree = "<group>"; };
		A6D0BD9D1BF9FDFD0007C13E /* iBGWebViewController.h */ = {isa = PBXFileReference; fileEncoding = 4; lastKnownFileType = sourcecode.c.h; path = iBGWebViewController.h; sourceTree = "<group>"; };
		A6D0BD9E1BF9FDFD0007C13E /* iBGWebViewController.m */ = {isa = PBXFileReference; fileEncoding = 4; lastKnownFileType = sourcecode.c.objc; path = iBGWebViewController.m; sourceTree = "<group>"; };
		A6D0C71E1BFB1FFE00D8EC7E /* message_menu@2x.png */ = {isa = PBXFileReference; lastKnownFileType = image.png; path = "message_menu@2x.png"; sourceTree = "<group>"; };
		A6D0C7221BFB4DE200D8EC7E /* iBGMyCollectionTableViewCell.h */ = {isa = PBXFileReference; fileEncoding = 4; lastKnownFileType = sourcecode.c.h; path = iBGMyCollectionTableViewCell.h; sourceTree = "<group>"; };
		A6D0C7231BFB4DE200D8EC7E /* iBGMyCollectionTableViewCell.m */ = {isa = PBXFileReference; fileEncoding = 4; lastKnownFileType = sourcecode.c.objc; path = iBGMyCollectionTableViewCell.m; sourceTree = "<group>"; };
		A6D2F6961BEA3DF600639707 /* iBGItemMaskViewController.h */ = {isa = PBXFileReference; fileEncoding = 4; lastKnownFileType = sourcecode.c.h; path = iBGItemMaskViewController.h; sourceTree = "<group>"; };
		A6D2F6971BEA3DF600639707 /* iBGItemMaskViewController.m */ = {isa = PBXFileReference; fileEncoding = 4; lastKnownFileType = sourcecode.c.objc; path = iBGItemMaskViewController.m; sourceTree = "<group>"; };
		A6D2F6991BEA483500639707 /* iBGItemMenuButton.h */ = {isa = PBXFileReference; fileEncoding = 4; lastKnownFileType = sourcecode.c.h; path = iBGItemMenuButton.h; sourceTree = "<group>"; };
		A6D2F69A1BEA483500639707 /* iBGItemMenuButton.m */ = {isa = PBXFileReference; fileEncoding = 4; lastKnownFileType = sourcecode.c.objc; path = iBGItemMenuButton.m; sourceTree = "<group>"; };
		A6D2F69C1BEA494100639707 /* message_full@2x.png */ = {isa = PBXFileReference; lastKnownFileType = image.png; path = "message_full@2x.png"; sourceTree = "<group>"; };
		A6D2F69D1BEA494100639707 /* plus_full@2x.png */ = {isa = PBXFileReference; lastKnownFileType = image.png; path = "plus_full@2x.png"; sourceTree = "<group>"; };
		A6D2F69E1BEA494100639707 /* share_full@2x.png */ = {isa = PBXFileReference; lastKnownFileType = image.png; path = "share_full@2x.png"; sourceTree = "<group>"; };
		A6D58BC21BE7863C00C4AFF4 /* iBGItemInfoViewController.h */ = {isa = PBXFileReference; fileEncoding = 4; lastKnownFileType = sourcecode.c.h; path = iBGItemInfoViewController.h; sourceTree = "<group>"; };
		A6D58BC31BE7863C00C4AFF4 /* iBGItemInfoViewController.m */ = {isa = PBXFileReference; fileEncoding = 4; lastKnownFileType = sourcecode.c.objc; path = iBGItemInfoViewController.m; sourceTree = "<group>"; };
		A6D58BC51BE78EA800C4AFF4 /* iBGItemPageParentViewController.h */ = {isa = PBXFileReference; fileEncoding = 4; lastKnownFileType = sourcecode.c.h; path = iBGItemPageParentViewController.h; sourceTree = "<group>"; };
		A6D58BC61BE78EA800C4AFF4 /* iBGItemPageParentViewController.m */ = {isa = PBXFileReference; fileEncoding = 4; lastKnownFileType = sourcecode.c.objc; path = iBGItemPageParentViewController.m; sourceTree = "<group>"; };
		A6DB85911BF8B46B00E40EEF /* iBGCommentTableViewCell.h */ = {isa = PBXFileReference; fileEncoding = 4; lastKnownFileType = sourcecode.c.h; path = iBGCommentTableViewCell.h; sourceTree = "<group>"; };
		A6DB85921BF8B46B00E40EEF /* iBGCommentTableViewCell.m */ = {isa = PBXFileReference; fileEncoding = 4; lastKnownFileType = sourcecode.c.objc; path = iBGCommentTableViewCell.m; sourceTree = "<group>"; };
		A6DB85941BF8B4AA00E40EEF /* iBGCommentTableViewHeaderCell.h */ = {isa = PBXFileReference; fileEncoding = 4; lastKnownFileType = sourcecode.c.h; path = iBGCommentTableViewHeaderCell.h; sourceTree = "<group>"; };
		A6DB85951BF8B4AA00E40EEF /* iBGCommentTableViewHeaderCell.m */ = {isa = PBXFileReference; fileEncoding = 4; lastKnownFileType = sourcecode.c.objc; path = iBGCommentTableViewHeaderCell.m; sourceTree = "<group>"; };
		A6DB85971BF8BF7400E40EEF /* iBGSectionInfoViewController.h */ = {isa = PBXFileReference; fileEncoding = 4; lastKnownFileType = sourcecode.c.h; path = iBGSectionInfoViewController.h; sourceTree = "<group>"; };
		A6DB85981BF8BF7400E40EEF /* iBGSectionInfoViewController.m */ = {isa = PBXFileReference; fileEncoding = 4; lastKnownFileType = sourcecode.c.objc; path = iBGSectionInfoViewController.m; sourceTree = "<group>"; };
		A6E2251A1C21F9B400C9B8F8 /* din.png */ = {isa = PBXFileReference; lastKnownFileType = image.png; path = din.png; sourceTree = "<group>"; };
		A6ED0A901C0DA5D5009BD030 /* NYTPhotoViewerCloseButtonX.png */ = {isa = PBXFileReference; lastKnownFileType = image.png; path = NYTPhotoViewerCloseButtonX.png; sourceTree = "<group>"; };
		A6ED0A911C0DA5D5009BD030 /* NYTPhotoViewerCloseButtonX@2x.png */ = {isa = PBXFileReference; lastKnownFileType = image.png; path = "NYTPhotoViewerCloseButtonX@2x.png"; sourceTree = "<group>"; };
		A6ED0A921C0DA5D5009BD030 /* NYTPhotoViewerCloseButtonX@3x.png */ = {isa = PBXFileReference; lastKnownFileType = image.png; path = "NYTPhotoViewerCloseButtonX@3x.png"; sourceTree = "<group>"; };
		A6ED0A931C0DA5D5009BD030 /* NYTPhotoViewerCloseButtonXLandscape.png */ = {isa = PBXFileReference; lastKnownFileType = image.png; path = NYTPhotoViewerCloseButtonXLandscape.png; sourceTree = "<group>"; };
		A6ED0A941C0DA5D5009BD030 /* NYTPhotoViewerCloseButtonXLandscape@2x.png */ = {isa = PBXFileReference; lastKnownFileType = image.png; path = "NYTPhotoViewerCloseButtonXLandscape@2x.png"; sourceTree = "<group>"; };
		A6ED0A951C0DA5D5009BD030 /* NYTPhotoViewerCloseButtonXLandscape@3x.png */ = {isa = PBXFileReference; lastKnownFileType = image.png; path = "NYTPhotoViewerCloseButtonXLandscape@3x.png"; sourceTree = "<group>"; };
		A6ED0A9C1C0DD20D009BD030 /* UILabel+AutoHeight.h */ = {isa = PBXFileReference; fileEncoding = 4; lastKnownFileType = sourcecode.c.h; path = "UILabel+AutoHeight.h"; sourceTree = "<group>"; };
		A6ED0A9D1C0DD20D009BD030 /* UILabel+AutoHeight.m */ = {isa = PBXFileReference; fileEncoding = 4; lastKnownFileType = sourcecode.c.objc; path = "UILabel+AutoHeight.m"; sourceTree = "<group>"; };
		A6ED0A9F1C0F1A71009BD030 /* iBGExitViewController.h */ = {isa = PBXFileReference; fileEncoding = 4; lastKnownFileType = sourcecode.c.h; path = iBGExitViewController.h; sourceTree = "<group>"; };
		A6ED0AA01C0F1A71009BD030 /* iBGExitViewController.m */ = {isa = PBXFileReference; fileEncoding = 4; lastKnownFileType = sourcecode.c.objc; path = iBGExitViewController.m; sourceTree = "<group>"; };
		A6EED1671BF712DA001CB88A /* iBGTopicCollectionViewController.h */ = {isa = PBXFileReference; fileEncoding = 4; lastKnownFileType = sourcecode.c.h; path = iBGTopicCollectionViewController.h; sourceTree = "<group>"; };
		A6EED1681BF712DA001CB88A /* iBGTopicCollectionViewController.m */ = {isa = PBXFileReference; fileEncoding = 4; lastKnownFileType = sourcecode.c.objc; path = iBGTopicCollectionViewController.m; sourceTree = "<group>"; };
		A6EED16A1BF743C5001CB88A /* iBGTopicCollectionViewCell.h */ = {isa = PBXFileReference; fileEncoding = 4; lastKnownFileType = sourcecode.c.h; path = iBGTopicCollectionViewCell.h; sourceTree = "<group>"; };
		A6EED16B1BF743C5001CB88A /* iBGTopicCollectionViewCell.m */ = {isa = PBXFileReference; fileEncoding = 4; lastKnownFileType = sourcecode.c.objc; path = iBGTopicCollectionViewCell.m; sourceTree = "<group>"; };
		A6EED16D1BF7A354001CB88A /* Listen_Emotion_Direct@2x.jpg */ = {isa = PBXFileReference; lastKnownFileType = image.jpeg; path = "Listen_Emotion_Direct@2x.jpg"; sourceTree = "<group>"; };
		A6EED16F1BF89F0A001CB88A /* iBGExhPageParentViewController.h */ = {isa = PBXFileReference; fileEncoding = 4; lastKnownFileType = sourcecode.c.h; path = iBGExhPageParentViewController.h; sourceTree = "<group>"; };
		A6EED1701BF89F0A001CB88A /* iBGExhPageParentViewController.m */ = {isa = PBXFileReference; fileEncoding = 4; lastKnownFileType = sourcecode.c.objc; path = iBGExhPageParentViewController.m; sourceTree = "<group>"; };
/* End PBXFileReference section */

/* Begin PBXFrameworksBuildPhase section */
		A63994321BDE4614003E1BCA /* Frameworks */ = {
			isa = PBXFrameworksBuildPhase;
			buildActionMask = 2147483647;
			files = (
				A6CE21CE1BE0732C00249226 /* CoreLocation.framework in Frameworks */,
				A6D003F71C00B7930067CEF1 /* FBSDKCoreKit.framework in Frameworks */,
				A6D003F91C00B7930067CEF1 /* FBSDKShareKit.framework in Frameworks */,
				A6D003F81C00B7930067CEF1 /* FBSDKLoginKit.framework in Frameworks */,
			);
			runOnlyForDeploymentPostprocessing = 0;
		};
		A639944E1BDE4615003E1BCA /* Frameworks */ = {
			isa = PBXFrameworksBuildPhase;
			buildActionMask = 2147483647;
			files = (
			);
			runOnlyForDeploymentPostprocessing = 0;
		};
		A63994591BDE4615003E1BCA /* Frameworks */ = {
			isa = PBXFrameworksBuildPhase;
			buildActionMask = 2147483647;
			files = (
			);
			runOnlyForDeploymentPostprocessing = 0;
		};
/* End PBXFrameworksBuildPhase section */

/* Begin PBXGroup section */
		A639942C1BDE4614003E1BCA = {
			isa = PBXGroup;
			children = (
				A63994371BDE4614003E1BCA /* iBeaGuide */,
				A63994541BDE4615003E1BCA /* iBeaGuideTests */,
				A639945F1BDE4615003E1BCA /* iBeaGuideUITests */,
				A63994361BDE4614003E1BCA /* Products */,
				E8E2E774552B0502F26E58B5 /* Frameworks */,
			);
			sourceTree = "<group>";
			usesTabs = 1;
		};
		A63994361BDE4614003E1BCA /* Products */ = {
			isa = PBXGroup;
			children = (
				A63994351BDE4614003E1BCA /* iBeaGuide.app */,
				A63994511BDE4615003E1BCA /* iBeaGuideTests.xctest */,
				A639945C1BDE4615003E1BCA /* iBeaGuideUITests.xctest */,
			);
			name = Products;
			sourceTree = "<group>";
		};
		A63994371BDE4614003E1BCA /* iBeaGuide */ = {
			isa = PBXGroup;
			children = (
				A6CA5D641C19CC6D002640FB /* MBProgressHUD */,
				A6B9D5111C1819FC00654815 /* NSManagedObject+Serialization */,
				A6B308E51C140FC700DDA89E /* FDTemplateLayoutCell */,
				A6B308EE1C140FC700DDA89E /* NYTPhotoViewer */,
				A63994381BDE4614003E1BCA /* Supporting Files */,
				A6CE217D1BDFB2BE00249226 /* images */,
				A63994411BDE4615003E1BCA /* Main.storyboard */,
				A6CA5D6E1C1B56F6002640FB /* soda.mp3 */,
				A6CA5D701C1B5A5B002640FB /* soda2.mp3 */,
				A639943B1BDE4615003E1BCA /* AppDelegate.h */,
				A639943C1BDE4615003E1BCA /* AppDelegate.m */,
				A6B9D5101C16DE2600654815 /* iBGGlobal.h */,
				A6CA5D721C1CBF4C002640FB /* iBGGlobalData.h */,
				A6CA5D731C1CBF4C002640FB /* iBGGlobalData.m */,
				A6D09A8D1BECC95900E50EDC /* iBGNYTPhoto.h */,
				A6D09A8E1BECC95900E50EDC /* iBGNYTPhoto.m */,
				A6D003FA1C00CE230067CEF1 /* iBGHomeViewController.h */,
				A6D003FB1C00CE230067CEF1 /* iBGHomeViewController.m */,
				A6CE217A1BDF6AE600249226 /* iBGMoniterViewController.h */,
				A6CE217B1BDF6AE600249226 /* iBGMoniterViewController.m */,
				A6B9D50D1C16250900654815 /* iBGSettingTableViewController.h */,
				A6B9D50E1C16250900654815 /* iBGSettingTableViewController.m */,
				A6EF62B61C08411D001E8ED2 /* Exh */,
				A6EF62B81C08413A001E8ED2 /* Item */,
				A6EF62BA1C084176001E8ED2 /* MyCollection */,
				A6EF62B91C08414D001E8ED2 /* Comment */,
				A6CF59A71BF4A7E40025A26C /* iBGTextInputLayer.h */,
				A6CF59A81BF4A7E40025A26C /* iBGTextInputLayer.m */,
				A6CF599E1BEDD35D0025A26C /* UIView+Glow.h */,
				A6CF599F1BEDD35D0025A26C /* UIView+Glow.m */,
				A6ED0A9C1C0DD20D009BD030 /* UILabel+AutoHeight.h */,
				A6ED0A9D1C0DD20D009BD030 /* UILabel+AutoHeight.m */,
			);
			path = iBeaGuide;
			sourceTree = "<group>";
		};
		A63994381BDE4614003E1BCA /* Supporting Files */ = {
			isa = PBXGroup;
			children = (
				A63994471BDE4615003E1BCA /* Assets.xcassets */,
				A63994441BDE4615003E1BCA /* iBeaGuide.xcdatamodeld */,
				A639944C1BDE4615003E1BCA /* Info.plist */,
				A63994391BDE4615003E1BCA /* main.m */,
			);
			name = "Supporting Files";
			sourceTree = "<group>";
		};
		A63994541BDE4615003E1BCA /* iBeaGuideTests */ = {
			isa = PBXGroup;
			children = (
				A63994551BDE4615003E1BCA /* iBeaGuideTests.m */,
				A63994571BDE4615003E1BCA /* Info.plist */,
			);
			path = iBeaGuideTests;
			sourceTree = "<group>";
		};
		A639945F1BDE4615003E1BCA /* iBeaGuideUITests */ = {
			isa = PBXGroup;
			children = (
				A63994601BDE4615003E1BCA /* iBeaGuideUITests.m */,
				A63994621BDE4615003E1BCA /* Info.plist */,
			);
			path = iBeaGuideUITests;
			sourceTree = "<group>";
		};
		A6B308E51C140FC700DDA89E /* FDTemplateLayoutCell */ = {
			isa = PBXGroup;
			children = (
				A6B308E61C140FC700DDA89E /* UITableView+FDIndexPathHeightCache.h */,
				A6B308E71C140FC700DDA89E /* UITableView+FDIndexPathHeightCache.m */,
				A6B308E81C140FC700DDA89E /* UITableView+FDKeyedHeightCache.h */,
				A6B308E91C140FC700DDA89E /* UITableView+FDKeyedHeightCache.m */,
				A6B308EA1C140FC700DDA89E /* UITableView+FDTemplateLayoutCell.h */,
				A6B308EB1C140FC700DDA89E /* UITableView+FDTemplateLayoutCell.m */,
				A6B308EC1C140FC700DDA89E /* UITableView+FDTemplateLayoutCellDebug.h */,
				A6B308ED1C140FC700DDA89E /* UITableView+FDTemplateLayoutCellDebug.m */,
			);
			path = FDTemplateLayoutCell;
			sourceTree = "<group>";
		};
		A6B308EE1C140FC700DDA89E /* NYTPhotoViewer */ = {
			isa = PBXGroup;
			children = (
				A6B308EF1C140FC700DDA89E /* NYTPhotoCaptionView.h */,
				A6B308F01C140FC700DDA89E /* NYTPhotoCaptionView.m */,
				A6B308F11C140FC700DDA89E /* NYTPhotoDismissalInteractionController.h */,
				A6B308F21C140FC700DDA89E /* NYTPhotoDismissalInteractionController.m */,
				A6B308F31C140FC700DDA89E /* NYTPhotosDataSource.h */,
				A6B308F41C140FC700DDA89E /* NYTPhotosDataSource.m */,
				A6B308F51C140FC700DDA89E /* NYTPhotosOverlayView.h */,
				A6B308F61C140FC700DDA89E /* NYTPhotosOverlayView.m */,
				A6B308F71C140FC700DDA89E /* NYTPhotosViewController.h */,
				A6B308F81C140FC700DDA89E /* NYTPhotosViewController.m */,
				A6B308F91C140FC700DDA89E /* NYTPhotoTransitionAnimator.h */,
				A6B308FA1C140FC700DDA89E /* NYTPhotoTransitionAnimator.m */,
				A6B308FB1C140FC700DDA89E /* NYTPhotoTransitionController.h */,
				A6B308FC1C140FC700DDA89E /* NYTPhotoTransitionController.m */,
				A6B308FD1C140FC700DDA89E /* NYTPhotoViewController.h */,
				A6B308FE1C140FC700DDA89E /* NYTPhotoViewController.m */,
				A6B308FF1C140FC700DDA89E /* NYTScalingImageView.h */,
				A6B309001C140FC700DDA89E /* NYTScalingImageView.m */,
				A6B309011C140FC700DDA89E /* Protocols */,
				A6B309051C140FC700DDA89E /* Resource Loading */,
			);
			path = NYTPhotoViewer;
			sourceTree = "<group>";
		};
		A6B309011C140FC700DDA89E /* Protocols */ = {
			isa = PBXGroup;
			children = (
				A6B309021C140FC700DDA89E /* NYTPhoto.h */,
				A6B309031C140FC700DDA89E /* NYTPhotoContainer.h */,
				A6B309041C140FC700DDA89E /* NYTPhotosViewControllerDataSource.h */,
			);
			path = Protocols;
			sourceTree = "<group>";
		};
		A6B309051C140FC700DDA89E /* Resource Loading */ = {
			isa = PBXGroup;
			children = (
				A6B309061C140FC700DDA89E /* NSBundle+NYTPhotoViewer.h */,
				A6B309071C140FC700DDA89E /* NSBundle+NYTPhotoViewer.m */,
			);
			path = "Resource Loading";
			sourceTree = "<group>";
		};
		A6B9D5111C1819FC00654815 /* NSManagedObject+Serialization */ = {
			isa = PBXGroup;
			children = (
				A6B9D5121C1819FC00654815 /* NSManagedObject+Serialization.h */,
				A6B9D5131C1819FC00654815 /* NSManagedObject+Serialization.m */,
			);
			path = "NSManagedObject+Serialization";
			sourceTree = "<group>";
		};
		A6CA5D641C19CC6D002640FB /* MBProgressHUD */ = {
			isa = PBXGroup;
			children = (
				A6CA5D651C19CC6D002640FB /* MBProgressHUD.h */,
				A6CA5D661C19CC6D002640FB /* MBProgressHUD.m */,
			);
			path = MBProgressHUD;
			sourceTree = "<group>";
		};
		A6CE217D1BDFB2BE00249226 /* images */ = {
			isa = PBXGroup;
			children = (
				A65AE1971C29FD2E00BDAAE3 /* dct.jpg */,
				A6E2251A1C21F9B400C9B8F8 /* din.png */,
				A6ED0A8F1C0DA5D5009BD030 /* NYT */,
				A6D0C7201BFB2A1000D8EC7E /* Tab Bar Item BG */,
				A6D0C7211BFB2A2800D8EC7E /* Sample */,
				A6CA5D6A1C19E195002640FB /* 37x-Warning@2x.png */,
				A6CA5D681C19DE55002640FB /* 37x-Checkmark@2x.png */,
				A6CA5D7F1C1CD556002640FB /* 37x-Info@2x.png */,
				A6CA5D6C1C19F397002640FB /* 37x-Collect@2x.png */,
				A6CA5D791C1CCAE0002640FB /* pause@2x.png */,
				A6CA5D7A1C1CCAE0002640FB /* play@2x.png */,
				A6CE21891BDFB2BE00249226 /* launch_image@2x.png */,
				A6CE218B1BDFB2BE00249226 /* logo@2x.png */,
				A6CC49A61C1E041F0072A17C /* logo_1@2x.png */,
				A6CC49A71C1E041F0072A17C /* logo_2@2x.png */,
				A6CE21881BDFB2BE00249226 /* icon-60px@2x.png */,
				A6CE21871BDFB2BE00249226 /* icon-120px@2x.png */,
				A6CE21911BDFB2BE00249226 /* register@2x.png */,
				A6CE218A1BDFB2BE00249226 /* login@2x.png */,
				A6CE21851BDFB2BE00249226 /* fblogin@2x.png */,
				A6CA5D621C195C59002640FB /* fblogout@2x.png */,
				A6CE217E1BDFB2BE00249226 /* back@2x.png */,
				A6CE217F1BDFB2BE00249226 /* close@2x.png */,
				A6CE21951BDFB2BE00249226 /* star_off@2x.png */,
				A6CE21961BDFB2BE00249226 /* star_on@2x.png */,
				A6CE21841BDFB2BE00249226 /* enter@2x.png */,
				A6CE21801BDFB2BE00249226 /* collection@2x.png */,
				A6CE21811BDFB2BE00249226 /* detect_1@2x.png */,
				A6CE21821BDFB2BE00249226 /* detect_2@2x.png */,
				A6CE21831BDFB2BE00249226 /* detect_3@2x.png */,
				A6D0C71E1BFB1FFE00D8EC7E /* message_menu@2x.png */,
				A6D2F69C1BEA494100639707 /* message_full@2x.png */,
				A6D2F69D1BEA494100639707 /* plus_full@2x.png */,
				A6D2F69E1BEA494100639707 /* share_full@2x.png */,
				A6CE218D1BDFB2BE00249226 /* message_2@2x.png */,
				A6CE21941BDFB2BE00249226 /* share_2@2x.png */,
				A6CE21901BDFB2BE00249226 /* plus@2x.png */,
				A6CE21931BDFB2BE00249226 /* share@2x.png */,
			);
			path = images;
			sourceTree = "<group>";
		};
		A6D0C7201BFB2A1000D8EC7E /* Tab Bar Item BG */ = {
			isa = PBXGroup;
			children = (
				A6CE21B71BDFE1B100249226 /* collection_1@2x.png */,
				A6CE21B81BDFE1B100249226 /* collection_2@2x.png */,
				A6CE21B91BDFE1B100249226 /* guide_1@2x.png */,
				A6CE21BA1BDFE1B100249226 /* guide_2@2x.png */,
				A6CE21BB1BDFE1B100249226 /* setting_1@2x.png */,
				A6CE21BC1BDFE1B100249226 /* setting_2@2x.png */,
			);
			name = "Tab Bar Item BG";
			sourceTree = "<group>";
		};
		A6D0C7211BFB2A2800D8EC7E /* Sample */ = {
			isa = PBXGroup;
			children = (
				A6CE21B21BDFC1DB00249226 /* Mona_Lisa@2x.jpg */,
				A6D09A8B1BECC31800E50EDC /* Sanpan.jpg */,
				A6EED16D1BF7A354001CB88A /* Listen_Emotion_Direct@2x.jpg */,
				A6D003F21BFD0DDE0067CEF1 /* Jade_Cabbage@2x.jpg */,
			);
			name = Sample;
			sourceTree = "<group>";
		};
		A6ED0A8F1C0DA5D5009BD030 /* NYT */ = {
			isa = PBXGroup;
			children = (
				A6ED0A901C0DA5D5009BD030 /* NYTPhotoViewerCloseButtonX.png */,
				A6ED0A911C0DA5D5009BD030 /* NYTPhotoViewerCloseButtonX@2x.png */,
				A6ED0A921C0DA5D5009BD030 /* NYTPhotoViewerCloseButtonX@3x.png */,
				A6ED0A931C0DA5D5009BD030 /* NYTPhotoViewerCloseButtonXLandscape.png */,
				A6ED0A941C0DA5D5009BD030 /* NYTPhotoViewerCloseButtonXLandscape@2x.png */,
				A6ED0A951C0DA5D5009BD030 /* NYTPhotoViewerCloseButtonXLandscape@3x.png */,
			);
			name = NYT;
			path = ios;
			sourceTree = "<group>";
		};
		A6EF62B61C08411D001E8ED2 /* Exh */ = {
			isa = PBXGroup;
			children = (
				A6EF62B71C08412B001E8ED2 /* Topic */,
				A6EED16F1BF89F0A001CB88A /* iBGExhPageParentViewController.h */,
				A6EED1701BF89F0A001CB88A /* iBGExhPageParentViewController.m */,
				A6CE21B41BDFD97200249226 /* iBGExhInfoViewController.h */,
				A6CE21B51BDFD97200249226 /* iBGExhInfoViewController.m */,
				A6D0BD9D1BF9FDFD0007C13E /* iBGWebViewController.h */,
				A6D0BD9E1BF9FDFD0007C13E /* iBGWebViewController.m */,
				A6ED0A9F1C0F1A71009BD030 /* iBGExitViewController.h */,
				A6ED0AA01C0F1A71009BD030 /* iBGExitViewController.m */,
			);
			name = Exh;
			sourceTree = "<group>";
		};
		A6EF62B71C08412B001E8ED2 /* Topic */ = {
			isa = PBXGroup;
			children = (
				A6EED1671BF712DA001CB88A /* iBGTopicCollectionViewController.h */,
				A6EED1681BF712DA001CB88A /* iBGTopicCollectionViewController.m */,
				A6EED16A1BF743C5001CB88A /* iBGTopicCollectionViewCell.h */,
				A6EED16B1BF743C5001CB88A /* iBGTopicCollectionViewCell.m */,
			);
			name = Topic;
			sourceTree = "<group>";
		};
		A6EF62B81C08413A001E8ED2 /* Item */ = {
			isa = PBXGroup;
			children = (
				A6EF62BB1C084188001E8ED2 /* Section */,
				A6D58BC51BE78EA800C4AFF4 /* iBGItemPageParentViewController.h */,
				A6D58BC61BE78EA800C4AFF4 /* iBGItemPageParentViewController.m */,
				A6D58BC21BE7863C00C4AFF4 /* iBGItemInfoViewController.h */,
				A6D58BC31BE7863C00C4AFF4 /* iBGItemInfoViewController.m */,
				A6A734881BE8DBA000772655 /* iBGItemDetailViewController.h */,
				A6A734891BE8DBA000772655 /* iBGItemDetailViewController.m */,
				A6D2F6961BEA3DF600639707 /* iBGItemMaskViewController.h */,
				A6D2F6971BEA3DF600639707 /* iBGItemMaskViewController.m */,
				A6D2F6991BEA483500639707 /* iBGItemMenuButton.h */,
				A6D2F69A1BEA483500639707 /* iBGItemMenuButton.m */,
			);
			name = Item;
			sourceTree = "<group>";
		};
		A6EF62B91C08414D001E8ED2 /* Comment */ = {
			isa = PBXGroup;
			children = (
				A6A7348B1BE8E64800772655 /* iBGCommentViewController.h */,
				A6A7348C1BE8E64800772655 /* iBGCommentViewController.m */,
				A6D09A901BECF27500E50EDC /* iBGCommentTableViewController.h */,
				A6D09A911BECF27500E50EDC /* iBGCommentTableViewController.m */,
				A6DB85941BF8B4AA00E40EEF /* iBGCommentTableViewHeaderCell.h */,
				A6DB85951BF8B4AA00E40EEF /* iBGCommentTableViewHeaderCell.m */,
				A6DB85911BF8B46B00E40EEF /* iBGCommentTableViewCell.h */,
				A6DB85921BF8B46B00E40EEF /* iBGCommentTableViewCell.m */,
			);
			name = Comment;
			sourceTree = "<group>";
		};
		A6EF62BA1C084176001E8ED2 /* MyCollection */ = {
			isa = PBXGroup;
			children = (
				A6CF59A41BEE75C10025A26C /* iBGMyCollectionPageParentViewController.h */,
				A6CF59A51BEE75C10025A26C /* iBGMyCollectionPageParentViewController.m */,
				A6CF59A11BEE02920025A26C /* iBGMyCollectionTableViewController.h */,
				A6CF59A21BEE02920025A26C /* iBGMyCollectionTableViewController.m */,
				A6B9D50A1C15F4B200654815 /* iBGMyCollectionTableViewHeaderCell.h */,
				A6B9D50B1C15F4B300654815 /* iBGMyCollectionTableViewHeaderCell.m */,
				A6D0C7221BFB4DE200D8EC7E /* iBGMyCollectionTableViewCell.h */,
				A6D0C7231BFB4DE200D8EC7E /* iBGMyCollectionTableViewCell.m */,
			);
			name = MyCollection;
			sourceTree = "<group>";
		};
		A6EF62BB1C084188001E8ED2 /* Section */ = {
			isa = PBXGroup;
			children = (
				A6DB85971BF8BF7400E40EEF /* iBGSectionInfoViewController.h */,
				A6DB85981BF8BF7400E40EEF /* iBGSectionInfoViewController.m */,
			);
			name = Section;
			sourceTree = "<group>";
		};
		E8E2E774552B0502F26E58B5 /* Frameworks */ = {
			isa = PBXGroup;
			children = (
				A6D003F41C00B7930067CEF1 /* FBSDKCoreKit.framework */,
				A6D003F51C00B7930067CEF1 /* FBSDKLoginKit.framework */,
				A6D003F61C00B7930067CEF1 /* FBSDKShareKit.framework */,
				A6CE21CD1BE0732C00249226 /* CoreLocation.framework */,
			);
			name = Frameworks;
			sourceTree = "<group>";
		};
/* End PBXGroup section */

/* Begin PBXNativeTarget section */
		A63994341BDE4614003E1BCA /* iBeaGuide */ = {
			isa = PBXNativeTarget;
			buildConfigurationList = A63994651BDE4615003E1BCA /* Build configuration list for PBXNativeTarget "iBeaGuide" */;
			buildPhases = (
				A63994311BDE4614003E1BCA /* Sources */,
				A63994321BDE4614003E1BCA /* Frameworks */,
				A63994331BDE4614003E1BCA /* Resources */,
			);
			buildRules = (
			);
			dependencies = (
			);
			name = iBeaGuide;
			productName = iBeaGuide;
			productReference = A63994351BDE4614003E1BCA /* iBeaGuide.app */;
			productType = "com.apple.product-type.application";
		};
		A63994501BDE4615003E1BCA /* iBeaGuideTests */ = {
			isa = PBXNativeTarget;
			buildConfigurationList = A63994681BDE4615003E1BCA /* Build configuration list for PBXNativeTarget "iBeaGuideTests" */;
			buildPhases = (
				A639944D1BDE4615003E1BCA /* Sources */,
				A639944E1BDE4615003E1BCA /* Frameworks */,
				A639944F1BDE4615003E1BCA /* Resources */,
			);
			buildRules = (
			);
			dependencies = (
				A63994531BDE4615003E1BCA /* PBXTargetDependency */,
			);
			name = iBeaGuideTests;
			productName = iBeaGuideTests;
			productReference = A63994511BDE4615003E1BCA /* iBeaGuideTests.xctest */;
			productType = "com.apple.product-type.bundle.unit-test";
		};
		A639945B1BDE4615003E1BCA /* iBeaGuideUITests */ = {
			isa = PBXNativeTarget;
			buildConfigurationList = A639946B1BDE4615003E1BCA /* Build configuration list for PBXNativeTarget "iBeaGuideUITests" */;
			buildPhases = (
				A63994581BDE4615003E1BCA /* Sources */,
				A63994591BDE4615003E1BCA /* Frameworks */,
				A639945A1BDE4615003E1BCA /* Resources */,
			);
			buildRules = (
			);
			dependencies = (
				A639945E1BDE4615003E1BCA /* PBXTargetDependency */,
			);
			name = iBeaGuideUITests;
			productName = iBeaGuideUITests;
			productReference = A639945C1BDE4615003E1BCA /* iBeaGuideUITests.xctest */;
			productType = "com.apple.product-type.bundle.ui-testing";
		};
/* End PBXNativeTarget section */

/* Begin PBXProject section */
		A639942D1BDE4614003E1BCA /* Project object */ = {
			isa = PBXProject;
			attributes = {
				CLASSPREFIX = iBG;
				LastUpgradeCheck = 0710;
				ORGANIZATIONNAME = "Cheng Chia Ting";
				TargetAttributes = {
					A63994341BDE4614003E1BCA = {
						CreatedOnToolsVersion = 7.1;
						DevelopmentTeam = 7SYKJV64VD;
					};
					A63994501BDE4615003E1BCA = {
						CreatedOnToolsVersion = 7.1;
						TestTargetID = A63994341BDE4614003E1BCA;
					};
					A639945B1BDE4615003E1BCA = {
						CreatedOnToolsVersion = 7.1;
						TestTargetID = A63994341BDE4614003E1BCA;
					};
				};
			};
			buildConfigurationList = A63994301BDE4614003E1BCA /* Build configuration list for PBXProject "iBeaGuide" */;
			compatibilityVersion = "Xcode 6.3";
			developmentRegion = English;
			hasScannedForEncodings = 0;
			knownRegions = (
				en,
				Base,
			);
			mainGroup = A639942C1BDE4614003E1BCA;
			productRefGroup = A63994361BDE4614003E1BCA /* Products */;
			projectDirPath = "";
			projectRoot = "";
			targets = (
				A63994341BDE4614003E1BCA /* iBeaGuide */,
				A63994501BDE4615003E1BCA /* iBeaGuideTests */,
				A639945B1BDE4615003E1BCA /* iBeaGuideUITests */,
			);
		};
/* End PBXProject section */

/* Begin PBXResourcesBuildPhase section */
		A63994331BDE4614003E1BCA /* Resources */ = {
			isa = PBXResourcesBuildPhase;
			buildActionMask = 2147483647;
			files = (
				A6CE219F1BDFB2BE00249226 /* fblogin@2x.png in Resources */,
				A6D0C71F1BFB1FFE00D8EC7E /* message_menu@2x.png in Resources */,
				A6EED16E1BF7A354001CB88A /* Listen_Emotion_Direct@2x.jpg in Resources */,
				A6CE219E1BDFB2BE00249226 /* enter@2x.png in Resources */,
				A6CE21A21BDFB2BE00249226 /* icon-60px@2x.png in Resources */,
				A6CA5D6F1C1B56F6002640FB /* soda.mp3 in Resources */,
				A6CC49A91C1E041F0072A17C /* logo_2@2x.png in Resources */,
				A6CA5D7B1C1CCAE0002640FB /* pause@2x.png in Resources */,
				A6CE21C21BDFE1B100249226 /* setting_2@2x.png in Resources */,
				A6CE21C01BDFE1B100249226 /* guide_2@2x.png in Resources */,
				A6CC49A81C1E041F0072A17C /* logo_1@2x.png in Resources */,
				A63994481BDE4615003E1BCA /* Assets.xcassets in Resources */,
				A6ED0A9B1C0DA5D5009BD030 /* NYTPhotoViewerCloseButtonXLandscape@3x.png in Resources */,
				A6ED0A981C0DA5D5009BD030 /* NYTPhotoViewerCloseButtonX@3x.png in Resources */,
				A6D09A8C1BECC31800E50EDC /* Sanpan.jpg in Resources */,
				A6D2F6A01BEA494100639707 /* plus_full@2x.png in Resources */,
				A6CE219B1BDFB2BE00249226 /* detect_1@2x.png in Resources */,
				A6CA5D691C19DE55002640FB /* 37x-Checkmark@2x.png in Resources */,
				A6ED0A971C0DA5D5009BD030 /* NYTPhotoViewerCloseButtonX@2x.png in Resources */,
				A6D2F69F1BEA494100639707 /* message_full@2x.png in Resources */,
				A6CE219C1BDFB2BE00249226 /* detect_2@2x.png in Resources */,
				A6CE21BF1BDFE1B100249226 /* guide_1@2x.png in Resources */,
				A6CA5D7C1C1CCAE0002640FB /* play@2x.png in Resources */,
				A63994431BDE4615003E1BCA /* Main.storyboard in Resources */,
				A6CE21A11BDFB2BE00249226 /* icon-120px@2x.png in Resources */,
				A6ED0A961C0DA5D5009BD030 /* NYTPhotoViewerCloseButtonX.png in Resources */,
				A6CE21A51BDFB2BE00249226 /* logo@2x.png in Resources */,
				A65AE1981C29FD2E00BDAAE3 /* dct.jpg in Resources */,
				A6CE21A31BDFB2BE00249226 /* launch_image@2x.png in Resources */,
				A6CE21B01BDFB2BE00249226 /* star_on@2x.png in Resources */,
				A6ED0A9A1C0DA5D5009BD030 /* NYTPhotoViewerCloseButtonXLandscape@2x.png in Resources */,
				A6ED0A991C0DA5D5009BD030 /* NYTPhotoViewerCloseButtonXLandscape.png in Resources */,
				A6D2F6A11BEA494100639707 /* share_full@2x.png in Resources */,
				A6CE219A1BDFB2BE00249226 /* collection@2x.png in Resources */,
				A6E2251B1C21F9B400C9B8F8 /* din.png in Resources */,
				A6CA5D711C1B5A5B002640FB /* soda2.mp3 in Resources */,
				A6CA5D631C195C59002640FB /* fblogout@2x.png in Resources */,
				A6CE21A41BDFB2BE00249226 /* login@2x.png in Resources */,
				A6CE21C11BDFE1B100249226 /* setting_1@2x.png in Resources */,
				A6CA5D6D1C19F397002640FB /* 37x-Collect@2x.png in Resources */,
				A6CE21AE1BDFB2BE00249226 /* share_2@2x.png in Resources */,
				A6CE21A71BDFB2BE00249226 /* message_2@2x.png in Resources */,
				A6CA5D801C1CD556002640FB /* 37x-Info@2x.png in Resources */,
				A6CE21AB1BDFB2BE00249226 /* register@2x.png in Resources */,
				A6CA5D6B1C19E195002640FB /* 37x-Warning@2x.png in Resources */,
				A6CE21981BDFB2BE00249226 /* back@2x.png in Resources */,
				A6CE21AA1BDFB2BE00249226 /* plus@2x.png in Resources */,
				A6CE21AD1BDFB2BE00249226 /* share@2x.png in Resources */,
				A6D003F31BFD0DDE0067CEF1 /* Jade_Cabbage@2x.jpg in Resources */,
				A6CE21BD1BDFE1B100249226 /* collection_1@2x.png in Resources */,
				A6CE21BE1BDFE1B100249226 /* collection_2@2x.png in Resources */,
				A6CE21991BDFB2BE00249226 /* close@2x.png in Resources */,
				A6CE21AF1BDFB2BE00249226 /* star_off@2x.png in Resources */,
				A6CE219D1BDFB2BE00249226 /* detect_3@2x.png in Resources */,
				A6CE21B31BDFC1DB00249226 /* Mona_Lisa@2x.jpg in Resources */,
			);
			runOnlyForDeploymentPostprocessing = 0;
		};
		A639944F1BDE4615003E1BCA /* Resources */ = {
			isa = PBXResourcesBuildPhase;
			buildActionMask = 2147483647;
			files = (
			);
			runOnlyForDeploymentPostprocessing = 0;
		};
		A639945A1BDE4615003E1BCA /* Resources */ = {
			isa = PBXResourcesBuildPhase;
			buildActionMask = 2147483647;
			files = (
			);
			runOnlyForDeploymentPostprocessing = 0;
		};
/* End PBXResourcesBuildPhase section */

/* Begin PBXSourcesBuildPhase section */
		A63994311BDE4614003E1BCA /* Sources */ = {
			isa = PBXSourcesBuildPhase;
			buildActionMask = 2147483647;
			files = (
				A6B309111C140FC700DDA89E /* NYTPhotoTransitionAnimator.m in Sources */,
				A6D09A8F1BECC95900E50EDC /* iBGNYTPhoto.m in Sources */,
				A6B3090E1C140FC700DDA89E /* NYTPhotosDataSource.m in Sources */,
				A6D2F6981BEA3DF600639707 /* iBGItemMaskViewController.m in Sources */,
				A6B309081C140FC700DDA89E /* UITableView+FDIndexPathHeightCache.m in Sources */,
				A6CF59A91BF4A7E40025A26C /* iBGTextInputLayer.m in Sources */,
				A6A7348D1BE8E64800772655 /* iBGCommentViewController.m in Sources */,
				A6B3090C1C140FC700DDA89E /* NYTPhotoCaptionView.m in Sources */,
				A6B9D5141C1819FC00654815 /* NSManagedObject+Serialization.m in Sources */,
				A6CE21B61BDFD97200249226 /* iBGExhInfoViewController.m in Sources */,
				A6DB85961BF8B4AA00E40EEF /* iBGCommentTableViewHeaderCell.m in Sources */,
				A6DB85991BF8BF7400E40EEF /* iBGSectionInfoViewController.m in Sources */,
				A6D0C7241BFB4DE200D8EC7E /* iBGMyCollectionTableViewCell.m in Sources */,
				A63994461BDE4615003E1BCA /* iBeaGuide.xcdatamodeld in Sources */,
				A6B3090A1C140FC700DDA89E /* UITableView+FDTemplateLayoutCell.m in Sources */,
				A6D0BD9F1BF9FDFD0007C13E /* iBGWebViewController.m in Sources */,
				A6B309131C140FC700DDA89E /* NYTPhotoViewController.m in Sources */,
				A6ED0A9E1C0DD20D009BD030 /* UILabel+AutoHeight.m in Sources */,
				A6CA5D741C1CBF4C002640FB /* iBGGlobalData.m in Sources */,
				A6D58BC71BE78EA800C4AFF4 /* iBGItemPageParentViewController.m in Sources */,
				A6CF59A61BEE75C10025A26C /* iBGMyCollectionPageParentViewController.m in Sources */,
				A6D003FC1C00CE230067CEF1 /* iBGHomeViewController.m in Sources */,
				A639943D1BDE4615003E1BCA /* AppDelegate.m in Sources */,
				A6D58BC41BE7863C00C4AFF4 /* iBGItemInfoViewController.m in Sources */,
				A6CF59A31BEE02920025A26C /* iBGMyCollectionTableViewController.m in Sources */,
				A6EED16C1BF743C5001CB88A /* iBGTopicCollectionViewCell.m in Sources */,
				A6CA5D671C19CC6D002640FB /* MBProgressHUD.m in Sources */,
				A6DB85931BF8B46B00E40EEF /* iBGCommentTableViewCell.m in Sources */,
				A6EED1711BF89F0A001CB88A /* iBGExhPageParentViewController.m in Sources */,
				A6B309101C140FC700DDA89E /* NYTPhotosViewController.m in Sources */,
				A639943A1BDE4615003E1BCA /* main.m in Sources */,
				A6A7348A1BE8DBA000772655 /* iBGItemDetailViewController.m in Sources */,
				A6B9D50F1C16250900654815 /* iBGSettingTableViewController.m in Sources */,
				A6B309151C140FC700DDA89E /* NSBundle+NYTPhotoViewer.m in Sources */,
				A6B3090D1C140FC700DDA89E /* NYTPhotoDismissalInteractionController.m in Sources */,
				A6EED1691BF712DA001CB88A /* iBGTopicCollectionViewController.m in Sources */,
				A6B3090B1C140FC700DDA89E /* UITableView+FDTemplateLayoutCellDebug.m in Sources */,
				A6B309121C140FC700DDA89E /* NYTPhotoTransitionController.m in Sources */,
				A6B309091C140FC700DDA89E /* UITableView+FDKeyedHeightCache.m in Sources */,
				A6B309141C140FC700DDA89E /* NYTScalingImageView.m in Sources */,
				A6D09A921BECF27500E50EDC /* iBGCommentTableViewController.m in Sources */,
				A6B9D50C1C15F4B300654815 /* iBGMyCollectionTableViewHeaderCell.m in Sources */,
				A6CF59A01BEDD35D0025A26C /* UIView+Glow.m in Sources */,
				A6ED0AA11C0F1A71009BD030 /* iBGExitViewController.m in Sources */,
				A6D2F69B1BEA483500639707 /* iBGItemMenuButton.m in Sources */,
				A6B3090F1C140FC700DDA89E /* NYTPhotosOverlayView.m in Sources */,
				A6CE217C1BDF6AE600249226 /* iBGMoniterViewController.m in Sources */,
			);
			runOnlyForDeploymentPostprocessing = 0;
		};
		A639944D1BDE4615003E1BCA /* Sources */ = {
			isa = PBXSourcesBuildPhase;
			buildActionMask = 2147483647;
			files = (
				A63994561BDE4615003E1BCA /* iBeaGuideTests.m in Sources */,
			);
			runOnlyForDeploymentPostprocessing = 0;
		};
		A63994581BDE4615003E1BCA /* Sources */ = {
			isa = PBXSourcesBuildPhase;
			buildActionMask = 2147483647;
			files = (
				A63994611BDE4615003E1BCA /* iBeaGuideUITests.m in Sources */,
			);
			runOnlyForDeploymentPostprocessing = 0;
		};
/* End PBXSourcesBuildPhase section */

/* Begin PBXTargetDependency section */
		A63994531BDE4615003E1BCA /* PBXTargetDependency */ = {
			isa = PBXTargetDependency;
			target = A63994341BDE4614003E1BCA /* iBeaGuide */;
			targetProxy = A63994521BDE4615003E1BCA /* PBXContainerItemProxy */;
		};
		A639945E1BDE4615003E1BCA /* PBXTargetDependency */ = {
			isa = PBXTargetDependency;
			target = A63994341BDE4614003E1BCA /* iBeaGuide */;
			targetProxy = A639945D1BDE4615003E1BCA /* PBXContainerItemProxy */;
		};
/* End PBXTargetDependency section */

/* Begin PBXVariantGroup section */
		A63994411BDE4615003E1BCA /* Main.storyboard */ = {
			isa = PBXVariantGroup;
			children = (
				A63994421BDE4615003E1BCA /* Base */,
			);
			name = Main.storyboard;
			sourceTree = "<group>";
		};
/* End PBXVariantGroup section */

/* Begin XCBuildConfiguration section */
		A63994631BDE4615003E1BCA /* Debug */ = {
			isa = XCBuildConfiguration;
			buildSettings = {
				ALWAYS_SEARCH_USER_PATHS = NO;
				CLANG_CXX_LANGUAGE_STANDARD = "gnu++0x";
				CLANG_CXX_LIBRARY = "libc++";
				CLANG_ENABLE_MODULES = YES;
				CLANG_ENABLE_OBJC_ARC = YES;
				CLANG_WARN_BOOL_CONVERSION = YES;
				CLANG_WARN_CONSTANT_CONVERSION = YES;
				CLANG_WARN_DIRECT_OBJC_ISA_USAGE = YES_ERROR;
				CLANG_WARN_EMPTY_BODY = YES;
				CLANG_WARN_ENUM_CONVERSION = YES;
				CLANG_WARN_INT_CONVERSION = YES;
				CLANG_WARN_OBJC_ROOT_CLASS = YES_ERROR;
				CLANG_WARN_UNREACHABLE_CODE = YES;
				CLANG_WARN__DUPLICATE_METHOD_MATCH = YES;
				"CODE_SIGN_IDENTITY[sdk=iphoneos*]" = "iPhone Developer";
				COPY_PHASE_STRIP = NO;
				DEBUG_INFORMATION_FORMAT = dwarf;
				ENABLE_STRICT_OBJC_MSGSEND = YES;
				ENABLE_TESTABILITY = YES;
				GCC_C_LANGUAGE_STANDARD = gnu99;
				GCC_DYNAMIC_NO_PIC = NO;
				GCC_NO_COMMON_BLOCKS = YES;
				GCC_OPTIMIZATION_LEVEL = 0;
				GCC_PREPROCESSOR_DEFINITIONS = (
					"DEBUG=1",
					"$(inherited)",
				);
				GCC_WARN_64_TO_32_BIT_CONVERSION = YES;
				GCC_WARN_ABOUT_RETURN_TYPE = YES_ERROR;
				GCC_WARN_UNDECLARED_SELECTOR = YES;
				GCC_WARN_UNINITIALIZED_AUTOS = YES_AGGRESSIVE;
				GCC_WARN_UNUSED_FUNCTION = YES;
				GCC_WARN_UNUSED_VARIABLE = YES;
				IPHONEOS_DEPLOYMENT_TARGET = 9.1;
				MTL_ENABLE_DEBUG_INFO = YES;
				ONLY_ACTIVE_ARCH = YES;
				SDKROOT = iphoneos;
			};
			name = Debug;
		};
		A63994641BDE4615003E1BCA /* Release */ = {
			isa = XCBuildConfiguration;
			buildSettings = {
				ALWAYS_SEARCH_USER_PATHS = NO;
				CLANG_CXX_LANGUAGE_STANDARD = "gnu++0x";
				CLANG_CXX_LIBRARY = "libc++";
				CLANG_ENABLE_MODULES = YES;
				CLANG_ENABLE_OBJC_ARC = YES;
				CLANG_WARN_BOOL_CONVERSION = YES;
				CLANG_WARN_CONSTANT_CONVERSION = YES;
				CLANG_WARN_DIRECT_OBJC_ISA_USAGE = YES_ERROR;
				CLANG_WARN_EMPTY_BODY = YES;
				CLANG_WARN_ENUM_CONVERSION = YES;
				CLANG_WARN_INT_CONVERSION = YES;
				CLANG_WARN_OBJC_ROOT_CLASS = YES_ERROR;
				CLANG_WARN_UNREACHABLE_CODE = YES;
				CLANG_WARN__DUPLICATE_METHOD_MATCH = YES;
				"CODE_SIGN_IDENTITY[sdk=iphoneos*]" = "iPhone Developer";
				COPY_PHASE_STRIP = NO;
				DEBUG_INFORMATION_FORMAT = "dwarf-with-dsym";
				ENABLE_NS_ASSERTIONS = NO;
				ENABLE_STRICT_OBJC_MSGSEND = YES;
				GCC_C_LANGUAGE_STANDARD = gnu99;
				GCC_NO_COMMON_BLOCKS = YES;
				GCC_WARN_64_TO_32_BIT_CONVERSION = YES;
				GCC_WARN_ABOUT_RETURN_TYPE = YES_ERROR;
				GCC_WARN_UNDECLARED_SELECTOR = YES;
				GCC_WARN_UNINITIALIZED_AUTOS = YES_AGGRESSIVE;
				GCC_WARN_UNUSED_FUNCTION = YES;
				GCC_WARN_UNUSED_VARIABLE = YES;
				IPHONEOS_DEPLOYMENT_TARGET = 9.1;
				MTL_ENABLE_DEBUG_INFO = NO;
				SDKROOT = iphoneos;
				VALIDATE_PRODUCT = YES;
			};
			name = Release;
		};
		A63994661BDE4615003E1BCA /* Debug */ = {
			isa = XCBuildConfiguration;
			buildSettings = {
				ASSETCATALOG_COMPILER_APPICON_NAME = AppIcon;
				ASSETCATALOG_COMPILER_LAUNCHIMAGE_NAME = LaunchImage;
				CODE_SIGN_IDENTITY = "iPhone Developer";
				FRAMEWORK_SEARCH_PATHS = "/Users/din1030/Desktop/Projects/FacebookSDKs-iOS-20151111";
				INFOPLIST_FILE = iBeaGuide/Info.plist;
				IPHONEOS_DEPLOYMENT_TARGET = 8.3;
				LD_RUNPATH_SEARCH_PATHS = "$(inherited) @executable_path/Frameworks";
				PRODUCT_BUNDLE_IDENTIFIER = ChengChiaTing.iBeaGuide;
				PRODUCT_NAME = "$(TARGET_NAME)";
			};
			name = Debug;
		};
		A63994671BDE4615003E1BCA /* Release */ = {
			isa = XCBuildConfiguration;
			buildSettings = {
				ASSETCATALOG_COMPILER_APPICON_NAME = AppIcon;
				ASSETCATALOG_COMPILER_LAUNCHIMAGE_NAME = LaunchImage;
				CODE_SIGN_IDENTITY = "iPhone Developer";
				FRAMEWORK_SEARCH_PATHS = "/Users/din1030/Desktop/Projects/FacebookSDKs-iOS-20151111";
				INFOPLIST_FILE = iBeaGuide/Info.plist;
				IPHONEOS_DEPLOYMENT_TARGET = 8.3;
				LD_RUNPATH_SEARCH_PATHS = "$(inherited) @executable_path/Frameworks";
				PRODUCT_BUNDLE_IDENTIFIER = ChengChiaTing.iBeaGuide;
				PRODUCT_NAME = "$(TARGET_NAME)";
			};
			name = Release;
		};
		A63994691BDE4615003E1BCA /* Debug */ = {
			isa = XCBuildConfiguration;
			buildSettings = {
				BUNDLE_LOADER = "$(TEST_HOST)";
				INFOPLIST_FILE = iBeaGuideTests/Info.plist;
				LD_RUNPATH_SEARCH_PATHS = "$(inherited) @executable_path/Frameworks @loader_path/Frameworks";
				PRODUCT_BUNDLE_IDENTIFIER = ChengChiaTing.iBeaGuideTests;
				PRODUCT_NAME = "$(TARGET_NAME)";
				TEST_HOST = "$(BUILT_PRODUCTS_DIR)/iBeaGuide.app/iBeaGuide";
			};
			name = Debug;
		};
		A639946A1BDE4615003E1BCA /* Release */ = {
			isa = XCBuildConfiguration;
			buildSettings = {
				BUNDLE_LOADER = "$(TEST_HOST)";
				INFOPLIST_FILE = iBeaGuideTests/Info.plist;
				LD_RUNPATH_SEARCH_PATHS = "$(inherited) @executable_path/Frameworks @loader_path/Frameworks";
				PRODUCT_BUNDLE_IDENTIFIER = ChengChiaTing.iBeaGuideTests;
				PRODUCT_NAME = "$(TARGET_NAME)";
				TEST_HOST = "$(BUILT_PRODUCTS_DIR)/iBeaGuide.app/iBeaGuide";
			};
			name = Release;
		};
		A639946C1BDE4615003E1BCA /* Debug */ = {
			isa = XCBuildConfiguration;
			buildSettings = {
				INFOPLIST_FILE = iBeaGuideUITests/Info.plist;
				LD_RUNPATH_SEARCH_PATHS = "$(inherited) @executable_path/Frameworks @loader_path/Frameworks";
				PRODUCT_BUNDLE_IDENTIFIER = ChengChiaTing.iBeaGuideUITests;
				PRODUCT_NAME = "$(TARGET_NAME)";
				TEST_TARGET_NAME = iBeaGuide;
				USES_XCTRUNNER = YES;
			};
			name = Debug;
		};
		A639946D1BDE4615003E1BCA /* Release */ = {
			isa = XCBuildConfiguration;
			buildSettings = {
				INFOPLIST_FILE = iBeaGuideUITests/Info.plist;
				LD_RUNPATH_SEARCH_PATHS = "$(inherited) @executable_path/Frameworks @loader_path/Frameworks";
				PRODUCT_BUNDLE_IDENTIFIER = ChengChiaTing.iBeaGuideUITests;
				PRODUCT_NAME = "$(TARGET_NAME)";
				TEST_TARGET_NAME = iBeaGuide;
				USES_XCTRUNNER = YES;
			};
			name = Release;
		};
/* End XCBuildConfiguration section */

/* Begin XCConfigurationList section */
		A63994301BDE4614003E1BCA /* Build configuration list for PBXProject "iBeaGuide" */ = {
			isa = XCConfigurationList;
			buildConfigurations = (
				A63994631BDE4615003E1BCA /* Debug */,
				A63994641BDE4615003E1BCA /* Release */,
			);
			defaultConfigurationIsVisible = 0;
			defaultConfigurationName = Release;
		};
		A63994651BDE4615003E1BCA /* Build configuration list for PBXNativeTarget "iBeaGuide" */ = {
			isa = XCConfigurationList;
			buildConfigurations = (
				A63994661BDE4615003E1BCA /* Debug */,
				A63994671BDE4615003E1BCA /* Release */,
			);
			defaultConfigurationIsVisible = 0;
			defaultConfigurationName = Release;
		};
		A63994681BDE4615003E1BCA /* Build configuration list for PBXNativeTarget "iBeaGuideTests" */ = {
			isa = XCConfigurationList;
			buildConfigurations = (
				A63994691BDE4615003E1BCA /* Debug */,
				A639946A1BDE4615003E1BCA /* Release */,
			);
			defaultConfigurationIsVisible = 0;
			defaultConfigurationName = Release;
		};
		A639946B1BDE4615003E1BCA /* Build configuration list for PBXNativeTarget "iBeaGuideUITests" */ = {
			isa = XCConfigurationList;
			buildConfigurations = (
				A639946C1BDE4615003E1BCA /* Debug */,
				A639946D1BDE4615003E1BCA /* Release */,
			);
			defaultConfigurationIsVisible = 0;
			defaultConfigurationName = Release;
		};
/* End XCConfigurationList section */

/* Begin XCVersionGroup section */
		A63994441BDE4615003E1BCA /* iBeaGuide.xcdatamodeld */ = {
			isa = XCVersionGroup;
			children = (
				A63994451BDE4615003E1BCA /* iBeaGuide.xcdatamodel */,
			);
			currentVersion = A63994451BDE4615003E1BCA /* iBeaGuide.xcdatamodel */;
			path = iBeaGuide.xcdatamodeld;
			sourceTree = "<group>";
			versionGroupType = wrapper.xcdatamodel;
		};
/* End XCVersionGroup section */
	};
	rootObject = A639942D1BDE4614003E1BCA /* Project object */;
}
